// !$*UTF8*$!
{
	archiveVersion = 1;
	classes = {
	};
	objectVersion = 46;
	objects = {

/* Begin PBXBuildFile section */
		F189EF8C1C168769002C9982 /* main.m in Sources */ = {isa = PBXBuildFile; fileRef = F189EF8B1C168769002C9982 /* main.m */; };
		F189EF8F1C168769002C9982 /* AppDelegate.m in Sources */ = {isa = PBXBuildFile; fileRef = F189EF8E1C168769002C9982 /* AppDelegate.m */; };
		F189EF921C168769002C9982 /* ViewController.m in Sources */ = {isa = PBXBuildFile; fileRef = F189EF911C168769002C9982 /* ViewController.m */; };
		F189EF951C168769002C9982 /* Main.storyboard in Resources */ = {isa = PBXBuildFile; fileRef = F189EF931C168769002C9982 /* Main.storyboard */; };
		F189EF971C168769002C9982 /* Assets.xcassets in Resources */ = {isa = PBXBuildFile; fileRef = F189EF961C168769002C9982 /* Assets.xcassets */; };
		F189EF9A1C168769002C9982 /* LaunchScreen.storyboard in Resources */ = {isa = PBXBuildFile; fileRef = F189EF981C168769002C9982 /* LaunchScreen.storyboard */; };
		F189EFA71C1687E4002C9982 /* LocationBtn.m in Sources */ = {isa = PBXBuildFile; fileRef = F189EFA61C1687E4002C9982 /* LocationBtn.m */; };
		F189EFAB1C168A8A002C9982 /* VLineButton.m in Sources */ = {isa = PBXBuildFile; fileRef = F189EFAA1C168A8A002C9982 /* VLineButton.m */; };
/* End PBXBuildFile section */

/* Begin PBXFileReference section */
		F189EF871C168769002C9982 /* UIButtons.app */ = {isa = PBXFileReference; explicitFileType = wrapper.application; includeInIndex = 0; path = UIButtons.app; sourceTree = BUILT_PRODUCTS_DIR; };
		F189EF8B1C168769002C9982 /* main.m */ = {isa = PBXFileReference; lastKnownFileType = sourcecode.c.objc; path = main.m; sourceTree = "<group>"; };
		F189EF8D1C168769002C9982 /* AppDelegate.h */ = {isa = PBXFileReference; lastKnownFileType = sourcecode.c.h; path = AppDelegate.h; sourceTree = "<group>"; };
		F189EF8E1C168769002C9982 /* AppDelegate.m */ = {isa = PBXFileReference; lastKnownFileType = sourcecode.c.objc; path = AppDelegate.m; sourceTree = "<group>"; };
		F189EF901C168769002C9982 /* ViewController.h */ = {isa = PBXFileReference; lastKnownFileType = sourcecode.c.h; path = ViewController.h; sourceTree = "<group>"; };
		F189EF911C168769002C9982 /* ViewController.m */ = {isa = PBXFileReference; lastKnownFileType = sourcecode.c.objc; path = ViewController.m; sourceTree = "<group>"; };
		F189EF941C168769002C9982 /* Base */ = {isa = PBXFileReference; lastKnownFileType = file.storyboard; name = Base; path = Base.lproj/Main.storyboard; sourceTree = "<group>"; };
		F189EF961C168769002C9982 /* Assets.xcassets */ = {isa = PBXFileReference; lastKnownFileType = folder.assetcatalog; path = Assets.xcassets; sourceTree = "<group>"; };
		F189EF991C168769002C9982 /* Base */ = {isa = PBXFileReference; lastKnownFileType = file.storyboard; name = Base; path = Base.lproj/LaunchScreen.storyboard; sourceTree = "<group>"; };
		F189EF9B1C168769002C9982 /* Info.plist */ = {isa = PBXFileReference; lastKnownFileType = text.plist.xml; path = Info.plist; sourceTree = "<group>"; };
		F189EFA51C1687E4002C9982 /* LocationBtn.h */ = {isa = PBXFileReference; fileEncoding = 4; lastKnownFileType = sourcecode.c.h; path = LocationBtn.h; sourceTree = "<group>"; };
		F189EFA61C1687E4002C9982 /* LocationBtn.m */ = {isa = PBXFileReference; fileEncoding = 4; lastKnownFileType = sourcecode.c.objc; path = LocationBtn.m; sourceTree = "<group>"; };
		F189EFA91C168A8A002C9982 /* VLineButton.h */ = {isa = PBXFileReference; fileEncoding = 4; lastKnownFileType = sourcecode.c.h; path = VLineButton.h; sourceTree = "<group>"; };
		F189EFAA1C168A8A002C9982 /* VLineButton.m */ = {isa = PBXFileReference; fileEncoding = 4; lastKnownFileType = sourcecode.c.objc; path = VLineButton.m; sourceTree = "<group>"; };
/* End PBXFileReference section */

/* Begin PBXFrameworksBuildPhase section */
		F189EF841C168769002C9982 /* Frameworks */ = {
			isa = PBXFrameworksBuildPhase;
			buildActionMask = 2147483647;
			files = (
			);
			runOnlyForDeploymentPostprocessing = 0;
		};
/* End PBXFrameworksBuildPhase section */

/* Begin PBXGroup section */
		F189EF7E1C168769002C9982 = {
			isa = PBXGroup;
			children = (
				F189EF891C168769002C9982 /* UIButtons */,
				F189EF881C168769002C9982 /* Products */,
			);
			sourceTree = "<group>";
		};
		F189EF881C168769002C9982 /* Products */ = {
			isa = PBXGroup;
			children = (
				F189EF871C168769002C9982 /* UIButtons.app */,
			);
			name = Products;
			sourceTree = "<group>";
		};
		F189EF891C168769002C9982 /* UIButtons */ = {
			isa = PBXGroup;
			children = (
				F189EF8D1C168769002C9982 /* AppDelegate.h */,
				F189EF8E1C168769002C9982 /* AppDelegate.m */,
				F189EF901C168769002C9982 /* ViewController.h */,
				F189EF911C168769002C9982 /* ViewController.m */,
				F189EFA81C168A8A002C9982 /* VLineButton */,
				F189EFA11C16878D002C9982 /* CustomButtons */,
				F189EF931C168769002C9982 /* Main.storyboard */,
				F189EF961C168769002C9982 /* Assets.xcassets */,
				F189EF981C168769002C9982 /* LaunchScreen.storyboard */,
				F189EF9B1C168769002C9982 /* Info.plist */,
				F189EF8A1C168769002C9982 /* Supporting Files */,
			);
			path = UIButtons;
			sourceTree = "<group>";
		};
		F189EF8A1C168769002C9982 /* Supporting Files */ = {
			isa = PBXGroup;
			children = (
				F189EF8B1C168769002C9982 /* main.m */,
			);
			name = "Supporting Files";
			sourceTree = "<group>";
		};
		F189EFA11C16878D002C9982 /* CustomButtons */ = {
			isa = PBXGroup;
			children = (
				F189EFA51C1687E4002C9982 /* LocationBtn.h */,
				F189EFA61C1687E4002C9982 /* LocationBtn.m */,
			);
			path = CustomButtons;
			sourceTree = "<group>";
		};
		F189EFA81C168A8A002C9982 /* VLineButton */ = {
			isa = PBXGroup;
			children = (
				F189EFA91C168A8A002C9982 /* VLineButton.h */,
				F189EFAA1C168A8A002C9982 /* VLineButton.m */,
			);
			path = VLineButton;
			sourceTree = "<group>";
		};
/* End PBXGroup section */

/* Begin PBXNativeTarget section */
		F189EF861C168769002C9982 /* UIButtons */ = {
			isa = PBXNativeTarget;
			buildConfigurationList = F189EF9E1C168769002C9982 /* Build configuration list for PBXNativeTarget "UIButtons" */;
			buildPhases = (
				F189EF831C168769002C9982 /* Sources */,
				F189EF841C168769002C9982 /* Frameworks */,
				F189EF851C168769002C9982 /* Resources */,
			);
			buildRules = (
			);
			dependencies = (
			);
			name = UIButtons;
			productName = UIButtons;
			productReference = F189EF871C168769002C9982 /* UIButtons.app */;
			productType = "com.apple.product-type.application";
		};
/* End PBXNativeTarget section */

/* Begin PBXProject section */
		F189EF7F1C168769002C9982 /* Project object */ = {
			isa = PBXProject;
			attributes = {
				LastUpgradeCheck = 0710;
				ORGANIZATIONNAME = Vols;
				TargetAttributes = {
					F189EF861C168769002C9982 = {
						CreatedOnToolsVersion = 7.1;
					};
				};
			};
			buildConfigurationList = F189EF821C168769002C9982 /* Build configuration list for PBXProject "UIButtons" */;
			compatibilityVersion = "Xcode 3.2";
			developmentRegion = English;
			hasScannedForEncodings = 0;
			knownRegions = (
				en,
				Base,
			);
			mainGroup = F189EF7E1C168769002C9982;
			productRefGroup = F189EF881C168769002C9982 /* Products */;
			projectDirPath = "";
			projectRoot = "";
			targets = (
				F189EF861C168769002C9982 /* UIButtons */,
			);
		};
/* End PBXProject section */

/* Begin PBXResourcesBuildPhase section */
		F189EF851C168769002C9982 /* Resources */ = {
			isa = PBXResourcesBuildPhase;
			buildActionMask = 2147483647;
			files = (
				F189EF9A1C168769002C9982 /* LaunchScreen.storyboard in Resources */,
				F189EF971C168769002C9982 /* Assets.xcassets in Resources */,
				F189EF951C168769002C9982 /* Main.storyboard in Resources */,
			);
			runOnlyForDeploymentPostprocessing = 0;
		};
/* End PBXResourcesBuildPhase section */

/* Begin PBXSourcesBuildPhase section */
		F189EF831C168769002C9982 /* Sources */ = {
			isa = PBXSourcesBuildPhase;
			buildActionMask = 2147483647;
			files = (
				F189EF921C168769002C9982 /* ViewController.m in Sources */,
				F189EFA71C1687E4002C9982 /* LocationBtn.m in Sources */,
				F189EF8F1C168769002C9982 /* AppDelegate.m in Sources */,
				F189EFAB1C168A8A002C9982 /* VLineButton.m in Sources */,
				F189EF8C1C168769002C9982 /* main.m in Sources */,
			);
			runOnlyForDeploymentPostprocessing = 0;
		};
/* End PBXSourcesBuildPhase section */

/* Begin PBXVariantGroup section */
		F189EF931C168769002C9982 /* Main.storyboard */ = {
			isa = PBXVariantGroup;
			children = (
				F189EF941C168769002C9982 /* Base */,
			);
			name = Main.storyboard;
			sourceTree = "<group>";
		};
		F189EF981C168769002C9982 /* LaunchScreen.storyboard */ = {
			isa = PBXVariantGroup;
			children = (
				F189EF991C168769002C9982 /* Base */,
			);
			name = LaunchScreen.storyboard;
			sourceTree = "<group>";
		};
/* End PBXVariantGroup section */

/* Begin XCBuildConfiguration section */
		F189EF9C1C168769002C9982 /* Debug */ = {
			isa = XCBuildConfiguration;
			buildSettings = {
				ALWAYS_SEARCH_USER_PATHS = NO;
				CLANG_CXX_LANGUAGE_STANDARD = "gnu++0x";
				CLANG_CXX_LIBRARY = "libc++";
				CLANG_ENABLE_MODULES = YES;
				CLANG_ENABLE_OBJC_ARC = YES;
				CLANG_WARN_BOOL_CONVERSION = YES;
				CLANG_WARN_CONSTANT_CONVERSION = YES;
				CLANG_WARN_DIRECT_OBJC_ISA_USAGE = YES_ERROR;
				CLANG_WARN_EMPTY_BODY = YES;
				CLANG_WARN_ENUM_CONVERSION = YES;
				CLANG_WARN_INT_CONVERSION = YES;
				CLANG_WARN_OBJC_ROOT_CLASS = YES_ERROR;
				CLANG_WARN_UNREACHABLE_CODE = YES;
				CLANG_WARN__DUPLICATE_METHOD_MATCH = YES;
				"CODE_SIGN_IDENTITY[sdk=iphoneos*]" = "iPhone Developer";
				COPY_PHASE_STRIP = NO;
				DEBUG_INFORMATION_FORMAT = dwarf;
				ENABLE_STRICT_OBJC_MSGSEND = YES;
				ENABLE_TESTABILITY = YES;
				GCC_C_LANGUAGE_STANDARD = gnu99;
				GCC_DYNAMIC_NO_PIC = NO;
				GCC_NO_COMMON_BLOCKS = YES;
				GCC_OPTIMIZATION_LEVEL = 0;
				GCC_PREPROCESSOR_DEFINITIONS = (
					"DEBUG=1",
					"$(inherited)",
				);
				GCC_WARN_64_TO_32_BIT_CONVERSION = YES;
				GCC_WARN_ABOUT_RETURN_TYPE = YES_ERROR;
				GCC_WARN_UNDECLARED_SELECTOR = YES;
				GCC_WARN_UNINITIALIZED_AUTOS = YES_AGGRESSIVE;
				GCC_WARN_UNUSED_FUNCTION = YES;
				GCC_WARN_UNUSED_VARIABLE = YES;
				IPHONEOS_DEPLOYMENT_TARGET = 9.1;
				MTL_ENABLE_DEBUG_INFO = YES;
				ONLY_ACTIVE_ARCH = YES;
				SDKROOT = iphoneos;
			};
			name = Debug;
		};
		F189EF9D1C168769002C9982 /* Release */ = {
			isa = XCBuildConfiguration;
			buildSettings = {
				ALWAYS_SEARCH_USER_PATHS = NO;
				CLANG_CXX_LANGUAGE_STANDARD = "gnu++0x";
				CLANG_CXX_LIBRARY = "libc++";
				CLANG_ENABLE_MODULES = YES;
				CLANG_ENABLE_OBJC_ARC = YES;
				CLANG_WARN_BOOL_CONVERSION = YES;
				CLANG_WARN_CONSTANT_CONVERSION = YES;
				CLANG_WARN_DIRECT_OBJC_ISA_USAGE = YES_ERROR;
				CLANG_WARN_EMPTY_BODY = YES;
				CLANG_WARN_ENUM_CONVERSION = YES;
				CLANG_WARN_INT_CONVERSION = YES;
				CLANG_WARN_OBJC_ROOT_CLASS = YES_ERROR;
				CLANG_WARN_UNREACHABLE_CODE = YES;
				CLANG_WARN__DUPLICATE_METHOD_MATCH = YES;
				"CODE_SIGN_IDENTITY[sdk=iphoneos*]" = "iPhone Developer";
				COPY_PHASE_STRIP = NO;
				DEBUG_INFORMATION_FORMAT = "dwarf-with-dsym";
				ENABLE_NS_ASSERTIONS = NO;
				ENABLE_STRICT_OBJC_MSGSEND = YES;
				GCC_C_LANGUAGE_STANDARD = gnu99;
				GCC_NO_COMMON_BLOCKS = YES;
				GCC_WARN_64_TO_32_BIT_CONVERSION = YES;
				GCC_WARN_ABOUT_RETURN_TYPE = YES_ERROR;
				GCC_WARN_UNDECLARED_SELECTOR = YES;
				GCC_WARN_UNINITIALIZED_AUTOS = YES_AGGRESSIVE;
				GCC_WARN_UNUSED_FUNCTION = YES;
				GCC_WARN_UNUSED_VARIABLE = YES;
				IPHONEOS_DEPLOYMENT_TARGET = 9.1;
				MTL_ENABLE_DEBUG_INFO = NO;
				SDKROOT = iphoneos;
				VALIDATE_PRODUCT = YES;
			};
			name = Release;
		};
		F189EF9F1C168769002C9982 /* Debug */ = {
			isa = XCBuildConfiguration;
			buildSettings = {
				ASSETCATALOG_COMPILER_APPICON_NAME = AppIcon;
				INFOPLIST_FILE = UIButtons/Info.plist;
				LD_RUNPATH_SEARCH_PATHS = "$(inherited) @executable_path/Frameworks";
				PRODUCT_BUNDLE_IDENTIFIER = com.UIButtons;
				PRODUCT_NAME = "$(TARGET_NAME)";
			};
			name = Debug;
		};
		F189EFA01C168769002C9982 /* Release */ = {
			isa = XCBuildConfiguration;
			buildSettings = {
				ASSETCATALOG_COMPILER_APPICON_NAME = AppIcon;
				INFOPLIST_FILE = UIButtons/Info.plist;
				LD_RUNPATH_SEARCH_PATHS = "$(inherited) @executable_path/Frameworks";
				PRODUCT_BUNDLE_IDENTIFIER = com.UIButtons;
				PRODUCT_NAME = "$(TARGET_NAME)";
			};
			name = Release;
		};
/* End XCBuildConfiguration section */

/* Begin XCConfigurationList section */
		F189EF821C168769002C9982 /* Build configuration list for PBXProject "UIButtons" */ = {
			isa = XCConfigurationList;
			buildConfigurations = (
				F189EF9C1C168769002C9982 /* Debug */,
				F189EF9D1C168769002C9982 /* Release */,
			);
			defaultConfigurationIsVisible = 0;
			defaultConfigurationName = Release;
		};
		F189EF9E1C168769002C9982 /* Build configuration list for PBXNativeTarget "UIButtons" */ = {
			isa = XCConfigurationList;
			buildConfigurations = (
				F189EF9F1C168769002C9982 /* Debug */,
				F189EFA01C168769002C9982 /* Release */,
			);
			defaultConfigurationIsVisible = 0;
			defaultConfigurationName = Release;
		};
/* End XCConfigurationList section */
	};
	rootObject = F189EF7F1C168769002C9982 /* Project object */;
}
