// !$*UTF8*$!
{
	archiveVersion = 1;
	classes = {
	};
	objectVersion = 46;
	objects = {

/* Begin PBXBuildFile section */
		F1A0AB6819C9E10900210A0F /* Foundation.framework in Frameworks */ = {isa = PBXBuildFile; fileRef = F1A0AB6719C9E10900210A0F /* Foundation.framework */; };
		F1A0AB6A19C9E10900210A0F /* CoreGraphics.framework in Frameworks */ = {isa = PBXBuildFile; fileRef = F1A0AB6919C9E10900210A0F /* CoreGraphics.framework */; };
		F1A0AB6C19C9E10900210A0F /* UIKit.framework in Frameworks */ = {isa = PBXBuildFile; fileRef = F1A0AB6B19C9E10900210A0F /* UIKit.framework */; };
		F1A0AB7219C9E10900210A0F /* InfoPlist.strings in Resources */ = {isa = PBXBuildFile; fileRef = F1A0AB7019C9E10900210A0F /* InfoPlist.strings */; };
		F1A0AB7419C9E10900210A0F /* main.m in Sources */ = {isa = PBXBuildFile; fileRef = F1A0AB7319C9E10900210A0F /* main.m */; };
		F1A0AB7819C9E10900210A0F /* AppDelegate.m in Sources */ = {isa = PBXBuildFile; fileRef = F1A0AB7719C9E10900210A0F /* AppDelegate.m */; };
		F1A0AB7B19C9E10900210A0F /* Main.storyboard in Resources */ = {isa = PBXBuildFile; fileRef = F1A0AB7919C9E10900210A0F /* Main.storyboard */; };
		F1A0AB7E19C9E10900210A0F /* ViewController.m in Sources */ = {isa = PBXBuildFile; fileRef = F1A0AB7D19C9E10900210A0F /* ViewController.m */; };
		F1A0AB8019C9E10900210A0F /* Images.xcassets in Resources */ = {isa = PBXBuildFile; fileRef = F1A0AB7F19C9E10900210A0F /* Images.xcassets */; };
		F1A0AB8719C9E10900210A0F /* XCTest.framework in Frameworks */ = {isa = PBXBuildFile; fileRef = F1A0AB8619C9E10900210A0F /* XCTest.framework */; };
		F1A0AB8819C9E10900210A0F /* Foundation.framework in Frameworks */ = {isa = PBXBuildFile; fileRef = F1A0AB6719C9E10900210A0F /* Foundation.framework */; };
		F1A0AB8919C9E10900210A0F /* UIKit.framework in Frameworks */ = {isa = PBXBuildFile; fileRef = F1A0AB6B19C9E10900210A0F /* UIKit.framework */; };
		F1A0AB9119C9E10900210A0F /* InfoPlist.strings in Resources */ = {isa = PBXBuildFile; fileRef = F1A0AB8F19C9E10900210A0F /* InfoPlist.strings */; };
		F1A0AB9319C9E10900210A0F /* RippleButtonTests.m in Sources */ = {isa = PBXBuildFile; fileRef = F1A0AB9219C9E10900210A0F /* RippleButtonTests.m */; };
		F1A0AB9F19C9E14600210A0F /* VRippleButton.m in Sources */ = {isa = PBXBuildFile; fileRef = F1A0AB9E19C9E14600210A0F /* VRippleButton.m */; };
		F1A0ABAB19C9E65700210A0F /* author.png in Resources */ = {isa = PBXBuildFile; fileRef = F1A0ABA119C9E65700210A0F /* author.png */; };
		F1A0ABAC19C9E65700210A0F /* background.jpg in Resources */ = {isa = PBXBuildFile; fileRef = F1A0ABA219C9E65700210A0F /* background.jpg */; };
		F1A0ABAD19C9E65700210A0F /* google.png in Resources */ = {isa = PBXBuildFile; fileRef = F1A0ABA319C9E65700210A0F /* google.png */; };
		F1A0ABAE19C9E65700210A0F /* green.png in Resources */ = {isa = PBXBuildFile; fileRef = F1A0ABA419C9E65700210A0F /* green.png */; };
		F1A0ABAF19C9E65700210A0F /* pin.png in Resources */ = {isa = PBXBuildFile; fileRef = F1A0ABA519C9E65700210A0F /* pin.png */; };
		F1A0ABB019C9E65700210A0F /* btSimpleRippleButtonFour.png in Resources */ = {isa = PBXBuildFile; fileRef = F1A0ABA719C9E65700210A0F /* btSimpleRippleButtonFour.png */; };
		F1A0ABB119C9E65700210A0F /* btSimpleRippleButtonHome.png in Resources */ = {isa = PBXBuildFile; fileRef = F1A0ABA819C9E65700210A0F /* btSimpleRippleButtonHome.png */; };
		F1A0ABB219C9E65700210A0F /* btSimpleRippleButtonThree.png in Resources */ = {isa = PBXBuildFile; fileRef = F1A0ABA919C9E65700210A0F /* btSimpleRippleButtonThree.png */; };
		F1A0ABB319C9E65700210A0F /* btSimpleRippleButtonTwo.png in Resources */ = {isa = PBXBuildFile; fileRef = F1A0ABAA19C9E65700210A0F /* btSimpleRippleButtonTwo.png */; };
/* End PBXBuildFile section */

/* Begin PBXContainerItemProxy section */
		F1A0AB8A19C9E10900210A0F /* PBXContainerItemProxy */ = {
			isa = PBXContainerItemProxy;
			containerPortal = F1A0AB5C19C9E10900210A0F /* Project object */;
			proxyType = 1;
			remoteGlobalIDString = F1A0AB6319C9E10900210A0F;
			remoteInfo = RippleButton;
		};
/* End PBXContainerItemProxy section */

/* Begin PBXFileReference section */
		F1A0AB6419C9E10900210A0F /* RippleButton.app */ = {isa = PBXFileReference; explicitFileType = wrapper.application; includeInIndex = 0; path = RippleButton.app; sourceTree = BUILT_PRODUCTS_DIR; };
		F1A0AB6719C9E10900210A0F /* Foundation.framework */ = {isa = PBXFileReference; lastKnownFileType = wrapper.framework; name = Foundation.framework; path = System/Library/Frameworks/Foundation.framework; sourceTree = SDKROOT; };
		F1A0AB6919C9E10900210A0F /* CoreGraphics.framework */ = {isa = PBXFileReference; lastKnownFileType = wrapper.framework; name = CoreGraphics.framework; path = System/Library/Frameworks/CoreGraphics.framework; sourceTree = SDKROOT; };
		F1A0AB6B19C9E10900210A0F /* UIKit.framework */ = {isa = PBXFileReference; lastKnownFileType = wrapper.framework; name = UIKit.framework; path = System/Library/Frameworks/UIKit.framework; sourceTree = SDKROOT; };
		F1A0AB6F19C9E10900210A0F /* RippleButton-Info.plist */ = {isa = PBXFileReference; lastKnownFileType = text.plist.xml; path = "RippleButton-Info.plist"; sourceTree = "<group>"; };
		F1A0AB7119C9E10900210A0F /* en */ = {isa = PBXFileReference; lastKnownFileType = text.plist.strings; name = en; path = en.lproj/InfoPlist.strings; sourceTree = "<group>"; };
		F1A0AB7319C9E10900210A0F /* main.m */ = {isa = PBXFileReference; lastKnownFileType = sourcecode.c.objc; path = main.m; sourceTree = "<group>"; };
		F1A0AB7519C9E10900210A0F /* RippleButton-Prefix.pch */ = {isa = PBXFileReference; lastKnownFileType = sourcecode.c.h; path = "RippleButton-Prefix.pch"; sourceTree = "<group>"; };
		F1A0AB7619C9E10900210A0F /* AppDelegate.h */ = {isa = PBXFileReference; lastKnownFileType = sourcecode.c.h; path = AppDelegate.h; sourceTree = "<group>"; };
		F1A0AB7719C9E10900210A0F /* AppDelegate.m */ = {isa = PBXFileReference; lastKnownFileType = sourcecode.c.objc; path = AppDelegate.m; sourceTree = "<group>"; };
		F1A0AB7A19C9E10900210A0F /* Base */ = {isa = PBXFileReference; lastKnownFileType = file.storyboard; name = Base; path = Base.lproj/Main.storyboard; sourceTree = "<group>"; };
		F1A0AB7C19C9E10900210A0F /* ViewController.h */ = {isa = PBXFileReference; lastKnownFileType = sourcecode.c.h; path = ViewController.h; sourceTree = "<group>"; };
		F1A0AB7D19C9E10900210A0F /* ViewController.m */ = {isa = PBXFileReference; lastKnownFileType = sourcecode.c.objc; path = ViewController.m; sourceTree = "<group>"; };
		F1A0AB7F19C9E10900210A0F /* Images.xcassets */ = {isa = PBXFileReference; lastKnownFileType = folder.assetcatalog; path = Images.xcassets; sourceTree = "<group>"; };
		F1A0AB8519C9E10900210A0F /* RippleButtonTests.xctest */ = {isa = PBXFileReference; explicitFileType = wrapper.cfbundle; includeInIndex = 0; path = RippleButtonTests.xctest; sourceTree = BUILT_PRODUCTS_DIR; };
		F1A0AB8619C9E10900210A0F /* XCTest.framework */ = {isa = PBXFileReference; lastKnownFileType = wrapper.framework; name = XCTest.framework; path = Library/Frameworks/XCTest.framework; sourceTree = DEVELOPER_DIR; };
		F1A0AB8E19C9E10900210A0F /* RippleButtonTests-Info.plist */ = {isa = PBXFileReference; lastKnownFileType = text.plist.xml; path = "RippleButtonTests-Info.plist"; sourceTree = "<group>"; };
		F1A0AB9019C9E10900210A0F /* en */ = {isa = PBXFileReference; lastKnownFileType = text.plist.strings; name = en; path = en.lproj/InfoPlist.strings; sourceTree = "<group>"; };
		F1A0AB9219C9E10900210A0F /* RippleButtonTests.m */ = {isa = PBXFileReference; lastKnownFileType = sourcecode.c.objc; path = RippleButtonTests.m; sourceTree = "<group>"; };
		F1A0AB9D19C9E14600210A0F /* VRippleButton.h */ = {isa = PBXFileReference; fileEncoding = 4; lastKnownFileType = sourcecode.c.h; path = VRippleButton.h; sourceTree = "<group>"; };
		F1A0AB9E19C9E14600210A0F /* VRippleButton.m */ = {isa = PBXFileReference; fileEncoding = 4; lastKnownFileType = sourcecode.c.objc; path = VRippleButton.m; sourceTree = "<group>"; };
		F1A0ABA119C9E65700210A0F /* author.png */ = {isa = PBXFileReference; lastKnownFileType = image.png; path = author.png; sourceTree = "<group>"; };
		F1A0ABA219C9E65700210A0F /* background.jpg */ = {isa = PBXFileReference; lastKnownFileType = image.jpeg; path = background.jpg; sourceTree = "<group>"; };
		F1A0ABA319C9E65700210A0F /* google.png */ = {isa = PBXFileReference; lastKnownFileType = image.png; path = google.png; sourceTree = "<group>"; };
		F1A0ABA419C9E65700210A0F /* green.png */ = {isa = PBXFileReference; lastKnownFileType = image.png; path = green.png; sourceTree = "<group>"; };
		F1A0ABA519C9E65700210A0F /* pin.png */ = {isa = PBXFileReference; lastKnownFileType = image.png; path = pin.png; sourceTree = "<group>"; };
		F1A0ABA719C9E65700210A0F /* btSimpleRippleButtonFour.png */ = {isa = PBXFileReference; lastKnownFileType = image.png; path = btSimpleRippleButtonFour.png; sourceTree = "<group>"; };
		F1A0ABA819C9E65700210A0F /* btSimpleRippleButtonHome.png */ = {isa = PBXFileReference; lastKnownFileType = image.png; path = btSimpleRippleButtonHome.png; sourceTree = "<group>"; };
		F1A0ABA919C9E65700210A0F /* btSimpleRippleButtonThree.png */ = {isa = PBXFileReference; lastKnownFileType = image.png; path = btSimpleRippleButtonThree.png; sourceTree = "<group>"; };
		F1A0ABAA19C9E65700210A0F /* btSimpleRippleButtonTwo.png */ = {isa = PBXFileReference; lastKnownFileType = image.png; path = btSimpleRippleButtonTwo.png; sourceTree = "<group>"; };
/* End PBXFileReference section */

/* Begin PBXFrameworksBuildPhase section */
		F1A0AB6119C9E10900210A0F /* Frameworks */ = {
			isa = PBXFrameworksBuildPhase;
			buildActionMask = 2147483647;
			files = (
				F1A0AB6A19C9E10900210A0F /* CoreGraphics.framework in Frameworks */,
				F1A0AB6C19C9E10900210A0F /* UIKit.framework in Frameworks */,
				F1A0AB6819C9E10900210A0F /* Foundation.framework in Frameworks */,
			);
			runOnlyForDeploymentPostprocessing = 0;
		};
		F1A0AB8219C9E10900210A0F /* Frameworks */ = {
			isa = PBXFrameworksBuildPhase;
			buildActionMask = 2147483647;
			files = (
				F1A0AB8719C9E10900210A0F /* XCTest.framework in Frameworks */,
				F1A0AB8919C9E10900210A0F /* UIKit.framework in Frameworks */,
				F1A0AB8819C9E10900210A0F /* Foundation.framework in Frameworks */,
			);
			runOnlyForDeploymentPostprocessing = 0;
		};
/* End PBXFrameworksBuildPhase section */

/* Begin PBXGroup section */
		F1A0AB5B19C9E10900210A0F = {
			isa = PBXGroup;
			children = (
				F1A0AB6D19C9E10900210A0F /* RippleButton */,
				F1A0AB8C19C9E10900210A0F /* RippleButtonTests */,
				F1A0AB6619C9E10900210A0F /* Frameworks */,
				F1A0AB6519C9E10900210A0F /* Products */,
			);
			sourceTree = "<group>";
		};
		F1A0AB6519C9E10900210A0F /* Products */ = {
			isa = PBXGroup;
			children = (
				F1A0AB6419C9E10900210A0F /* RippleButton.app */,
				F1A0AB8519C9E10900210A0F /* RippleButtonTests.xctest */,
			);
			name = Products;
			sourceTree = "<group>";
		};
		F1A0AB6619C9E10900210A0F /* Frameworks */ = {
			isa = PBXGroup;
			children = (
				F1A0AB6719C9E10900210A0F /* Foundation.framework */,
				F1A0AB6919C9E10900210A0F /* CoreGraphics.framework */,
				F1A0AB6B19C9E10900210A0F /* UIKit.framework */,
				F1A0AB8619C9E10900210A0F /* XCTest.framework */,
			);
			name = Frameworks;
			sourceTree = "<group>";
		};
		F1A0AB6D19C9E10900210A0F /* RippleButton */ = {
			isa = PBXGroup;
			children = (
				F1A0ABA019C9E65700210A0F /* images */,
				F1A0AB9C19C9E12C00210A0F /* VRippleButton */,
				F1A0AB7619C9E10900210A0F /* AppDelegate.h */,
				F1A0AB7719C9E10900210A0F /* AppDelegate.m */,
				F1A0AB7919C9E10900210A0F /* Main.storyboard */,
				F1A0AB7C19C9E10900210A0F /* ViewController.h */,
				F1A0AB7D19C9E10900210A0F /* ViewController.m */,
				F1A0AB7F19C9E10900210A0F /* Images.xcassets */,
				F1A0AB6E19C9E10900210A0F /* Supporting Files */,
			);
			path = RippleButton;
			sourceTree = "<group>";
		};
		F1A0AB6E19C9E10900210A0F /* Supporting Files */ = {
			isa = PBXGroup;
			children = (
				F1A0AB6F19C9E10900210A0F /* RippleButton-Info.plist */,
				F1A0AB7019C9E10900210A0F /* InfoPlist.strings */,
				F1A0AB7319C9E10900210A0F /* main.m */,
				F1A0AB7519C9E10900210A0F /* RippleButton-Prefix.pch */,
			);
			name = "Supporting Files";
			sourceTree = "<group>";
		};
		F1A0AB8C19C9E10900210A0F /* RippleButtonTests */ = {
			isa = PBXGroup;
			children = (
				F1A0AB9219C9E10900210A0F /* RippleButtonTests.m */,
				F1A0AB8D19C9E10900210A0F /* Supporting Files */,
			);
			path = RippleButtonTests;
			sourceTree = "<group>";
		};
		F1A0AB8D19C9E10900210A0F /* Supporting Files */ = {
			isa = PBXGroup;
			children = (
				F1A0AB8E19C9E10900210A0F /* RippleButtonTests-Info.plist */,
				F1A0AB8F19C9E10900210A0F /* InfoPlist.strings */,
			);
			name = "Supporting Files";
			sourceTree = "<group>";
		};
		F1A0AB9C19C9E12C00210A0F /* VRippleButton */ = {
			isa = PBXGroup;
			children = (
				F1A0AB9D19C9E14600210A0F /* VRippleButton.h */,
				F1A0AB9E19C9E14600210A0F /* VRippleButton.m */,
			);
			path = VRippleButton;
			sourceTree = "<group>";
		};
		F1A0ABA019C9E65700210A0F /* images */ = {
			isa = PBXGroup;
			children = (
				F1A0ABA119C9E65700210A0F /* author.png */,
				F1A0ABA219C9E65700210A0F /* background.jpg */,
				F1A0ABA319C9E65700210A0F /* google.png */,
				F1A0ABA419C9E65700210A0F /* green.png */,
				F1A0ABA519C9E65700210A0F /* pin.png */,
				F1A0ABA619C9E65700210A0F /* raw */,
			);
			path = images;
			sourceTree = "<group>";
		};
		F1A0ABA619C9E65700210A0F /* raw */ = {
			isa = PBXGroup;
			children = (
				F1A0ABA719C9E65700210A0F /* btSimpleRippleButtonFour.png */,
				F1A0ABA819C9E65700210A0F /* btSimpleRippleButtonHome.png */,
				F1A0ABA919C9E65700210A0F /* btSimpleRippleButtonThree.png */,
				F1A0ABAA19C9E65700210A0F /* btSimpleRippleButtonTwo.png */,
			);
			path = raw;
			sourceTree = "<group>";
		};
/* End PBXGroup section */

/* Begin PBXNativeTarget section */
		F1A0AB6319C9E10900210A0F /* RippleButton */ = {
			isa = PBXNativeTarget;
			buildConfigurationList = F1A0AB9619C9E10900210A0F /* Build configuration list for PBXNativeTarget "RippleButton" */;
			buildPhases = (
				F1A0AB6019C9E10900210A0F /* Sources */,
				F1A0AB6119C9E10900210A0F /* Frameworks */,
				F1A0AB6219C9E10900210A0F /* Resources */,
			);
			buildRules = (
			);
			dependencies = (
			);
			name = RippleButton;
			productName = RippleButton;
			productReference = F1A0AB6419C9E10900210A0F /* RippleButton.app */;
			productType = "com.apple.product-type.application";
		};
		F1A0AB8419C9E10900210A0F /* RippleButtonTests */ = {
			isa = PBXNativeTarget;
			buildConfigurationList = F1A0AB9919C9E10900210A0F /* Build configuration list for PBXNativeTarget "RippleButtonTests" */;
			buildPhases = (
				F1A0AB8119C9E10900210A0F /* Sources */,
				F1A0AB8219C9E10900210A0F /* Frameworks */,
				F1A0AB8319C9E10900210A0F /* Resources */,
			);
			buildRules = (
			);
			dependencies = (
				F1A0AB8B19C9E10900210A0F /* PBXTargetDependency */,
			);
			name = RippleButtonTests;
			productName = RippleButtonTests;
			productReference = F1A0AB8519C9E10900210A0F /* RippleButtonTests.xctest */;
			productType = "com.apple.product-type.bundle.unit-test";
		};
/* End PBXNativeTarget section */

/* Begin PBXProject section */
		F1A0AB5C19C9E10900210A0F /* Project object */ = {
			isa = PBXProject;
			attributes = {
				LastUpgradeCheck = 0510;
				ORGANIZATIONNAME = Vols;
				TargetAttributes = {
					F1A0AB8419C9E10900210A0F = {
						TestTargetID = F1A0AB6319C9E10900210A0F;
					};
				};
			};
			buildConfigurationList = F1A0AB5F19C9E10900210A0F /* Build configuration list for PBXProject "RippleButton" */;
			compatibilityVersion = "Xcode 3.2";
			developmentRegion = English;
			hasScannedForEncodings = 0;
			knownRegions = (
				en,
				Base,
			);
			mainGroup = F1A0AB5B19C9E10900210A0F;
			productRefGroup = F1A0AB6519C9E10900210A0F /* Products */;
			projectDirPath = "";
			projectRoot = "";
			targets = (
				F1A0AB6319C9E10900210A0F /* RippleButton */,
				F1A0AB8419C9E10900210A0F /* RippleButtonTests */,
			);
		};
/* End PBXProject section */

/* Begin PBXResourcesBuildPhase section */
		F1A0AB6219C9E10900210A0F /* Resources */ = {
			isa = PBXResourcesBuildPhase;
			buildActionMask = 2147483647;
			files = (
				F1A0ABB319C9E65700210A0F /* btSimpleRippleButtonTwo.png in Resources */,
				F1A0ABAE19C9E65700210A0F /* green.png in Resources */,
				F1A0ABB019C9E65700210A0F /* btSimpleRippleButtonFour.png in Resources */,
				F1A0ABAF19C9E65700210A0F /* pin.png in Resources */,
				F1A0ABB219C9E65700210A0F /* btSimpleRippleButtonThree.png in Resources */,
				F1A0ABAB19C9E65700210A0F /* author.png in Resources */,
				F1A0ABB119C9E65700210A0F /* btSimpleRippleButtonHome.png in Resources */,
				F1A0ABAC19C9E65700210A0F /* background.jpg in Resources */,
				F1A0AB8019C9E10900210A0F /* Images.xcassets in Resources */,
				F1A0AB7219C9E10900210A0F /* InfoPlist.strings in Resources */,
				F1A0ABAD19C9E65700210A0F /* google.png in Resources */,
				F1A0AB7B19C9E10900210A0F /* Main.storyboard in Resources */,
			);
			runOnlyForDeploymentPostprocessing = 0;
		};
		F1A0AB8319C9E10900210A0F /* Resources */ = {
			isa = PBXResourcesBuildPhase;
			buildActionMask = 2147483647;
			files = (
				F1A0AB9119C9E10900210A0F /* InfoPlist.strings in Resources */,
			);
			runOnlyForDeploymentPostprocessing = 0;
		};
/* End PBXResourcesBuildPhase section */

/* Begin PBXSourcesBuildPhase section */
		F1A0AB6019C9E10900210A0F /* Sources */ = {
			isa = PBXSourcesBuildPhase;
			buildActionMask = 2147483647;
			files = (
				F1A0AB9F19C9E14600210A0F /* VRippleButton.m in Sources */,
				F1A0AB7E19C9E10900210A0F /* ViewController.m in Sources */,
				F1A0AB7819C9E10900210A0F /* AppDelegate.m in Sources */,
				F1A0AB7419C9E10900210A0F /* main.m in Sources */,
			);
			runOnlyForDeploymentPostprocessing = 0;
		};
		F1A0AB8119C9E10900210A0F /* Sources */ = {
			isa = PBXSourcesBuildPhase;
			buildActionMask = 2147483647;
			files = (
				F1A0AB9319C9E10900210A0F /* RippleButtonTests.m in Sources */,
			);
			runOnlyForDeploymentPostprocessing = 0;
		};
/* End PBXSourcesBuildPhase section */

/* Begin PBXTargetDependency section */
		F1A0AB8B19C9E10900210A0F /* PBXTargetDependency */ = {
			isa = PBXTargetDependency;
			target = F1A0AB6319C9E10900210A0F /* RippleButton */;
			targetProxy = F1A0AB8A19C9E10900210A0F /* PBXContainerItemProxy */;
		};
/* End PBXTargetDependency section */

/* Begin PBXVariantGroup section */
		F1A0AB7019C9E10900210A0F /* InfoPlist.strings */ = {
			isa = PBXVariantGroup;
			children = (
				F1A0AB7119C9E10900210A0F /* en */,
			);
			name = InfoPlist.strings;
			sourceTree = "<group>";
		};
		F1A0AB7919C9E10900210A0F /* Main.storyboard */ = {
			isa = PBXVariantGroup;
			children = (
				F1A0AB7A19C9E10900210A0F /* Base */,
			);
			name = Main.storyboard;
			sourceTree = "<group>";
		};
		F1A0AB8F19C9E10900210A0F /* InfoPlist.strings */ = {
			isa = PBXVariantGroup;
			children = (
				F1A0AB9019C9E10900210A0F /* en */,
			);
			name = InfoPlist.strings;
			sourceTree = "<group>";
		};
/* End PBXVariantGroup section */

/* Begin XCBuildConfiguration section */
		F1A0AB9419C9E10900210A0F /* Debug */ = {
			isa = XCBuildConfiguration;
			buildSettings = {
				ALWAYS_SEARCH_USER_PATHS = NO;
				CLANG_CXX_LANGUAGE_STANDARD = "gnu++0x";
				CLANG_CXX_LIBRARY = "libc++";
				CLANG_ENABLE_MODULES = YES;
				CLANG_ENABLE_OBJC_ARC = YES;
				CLANG_WARN_BOOL_CONVERSION = YES;
				CLANG_WARN_CONSTANT_CONVERSION = YES;
				CLANG_WARN_DIRECT_OBJC_ISA_USAGE = YES_ERROR;
				CLANG_WARN_EMPTY_BODY = YES;
				CLANG_WARN_ENUM_CONVERSION = YES;
				CLANG_WARN_INT_CONVERSION = YES;
				CLANG_WARN_OBJC_ROOT_CLASS = YES_ERROR;
				CLANG_WARN__DUPLICATE_METHOD_MATCH = YES;
				"CODE_SIGN_IDENTITY[sdk=iphoneos*]" = "iPhone Developer";
				COPY_PHASE_STRIP = NO;
				GCC_C_LANGUAGE_STANDARD = gnu99;
				GCC_DYNAMIC_NO_PIC = NO;
				GCC_OPTIMIZATION_LEVEL = 0;
				GCC_PREPROCESSOR_DEFINITIONS = (
					"DEBUG=1",
					"$(inherited)",
				);
				GCC_SYMBOLS_PRIVATE_EXTERN = NO;
				GCC_WARN_64_TO_32_BIT_CONVERSION = YES;
				GCC_WARN_ABOUT_RETURN_TYPE = YES_ERROR;
				GCC_WARN_UNDECLARED_SELECTOR = YES;
				GCC_WARN_UNINITIALIZED_AUTOS = YES_AGGRESSIVE;
				GCC_WARN_UNUSED_FUNCTION = YES;
				GCC_WARN_UNUSED_VARIABLE = YES;
				IPHONEOS_DEPLOYMENT_TARGET = 7.1;
				ONLY_ACTIVE_ARCH = YES;
				SDKROOT = iphoneos;
			};
			name = Debug;
		};
		F1A0AB9519C9E10900210A0F /* Release */ = {
			isa = XCBuildConfiguration;
			buildSettings = {
				ALWAYS_SEARCH_USER_PATHS = NO;
				CLANG_CXX_LANGUAGE_STANDARD = "gnu++0x";
				CLANG_CXX_LIBRARY = "libc++";
				CLANG_ENABLE_MODULES = YES;
				CLANG_ENABLE_OBJC_ARC = YES;
				CLANG_WARN_BOOL_CONVERSION = YES;
				CLANG_WARN_CONSTANT_CONVERSION = YES;
				CLANG_WARN_DIRECT_OBJC_ISA_USAGE = YES_ERROR;
				CLANG_WARN_EMPTY_BODY = YES;
				CLANG_WARN_ENUM_CONVERSION = YES;
				CLANG_WARN_INT_CONVERSION = YES;
				CLANG_WARN_OBJC_ROOT_CLASS = YES_ERROR;
				CLANG_WARN__DUPLICATE_METHOD_MATCH = YES;
				"CODE_SIGN_IDENTITY[sdk=iphoneos*]" = "iPhone Developer";
				COPY_PHASE_STRIP = YES;
				ENABLE_NS_ASSERTIONS = NO;
				GCC_C_LANGUAGE_STANDARD = gnu99;
				GCC_WARN_64_TO_32_BIT_CONVERSION = YES;
				GCC_WARN_ABOUT_RETURN_TYPE = YES_ERROR;
				GCC_WARN_UNDECLARED_SELECTOR = YES;
				GCC_WARN_UNINITIALIZED_AUTOS = YES_AGGRESSIVE;
				GCC_WARN_UNUSED_FUNCTION = YES;
				GCC_WARN_UNUSED_VARIABLE = YES;
				IPHONEOS_DEPLOYMENT_TARGET = 7.1;
				SDKROOT = iphoneos;
				VALIDATE_PRODUCT = YES;
			};
			name = Release;
		};
		F1A0AB9719C9E10900210A0F /* Debug */ = {
			isa = XCBuildConfiguration;
			buildSettings = {
				ASSETCATALOG_COMPILER_APPICON_NAME = AppIcon;
				ASSETCATALOG_COMPILER_LAUNCHIMAGE_NAME = LaunchImage;
				GCC_PRECOMPILE_PREFIX_HEADER = YES;
				GCC_PREFIX_HEADER = "RippleButton/RippleButton-Prefix.pch";
				INFOPLIST_FILE = "RippleButton/RippleButton-Info.plist";
				PRODUCT_NAME = "$(TARGET_NAME)";
				WRAPPER_EXTENSION = app;
			};
			name = Debug;
		};
		F1A0AB9819C9E10900210A0F /* Release */ = {
			isa = XCBuildConfiguration;
			buildSettings = {
				ASSETCATALOG_COMPILER_APPICON_NAME = AppIcon;
				ASSETCATALOG_COMPILER_LAUNCHIMAGE_NAME = LaunchImage;
				GCC_PRECOMPILE_PREFIX_HEADER = YES;
				GCC_PREFIX_HEADER = "RippleButton/RippleButton-Prefix.pch";
				INFOPLIST_FILE = "RippleButton/RippleButton-Info.plist";
				PRODUCT_NAME = "$(TARGET_NAME)";
				WRAPPER_EXTENSION = app;
			};
			name = Release;
		};
		F1A0AB9A19C9E10900210A0F /* Debug */ = {
			isa = XCBuildConfiguration;
			buildSettings = {
				BUNDLE_LOADER = "$(BUILT_PRODUCTS_DIR)/RippleButton.app/RippleButton";
				FRAMEWORK_SEARCH_PATHS = (
					"$(SDKROOT)/Developer/Library/Frameworks",
					"$(inherited)",
					"$(DEVELOPER_FRAMEWORKS_DIR)",
				);
				GCC_PRECOMPILE_PREFIX_HEADER = YES;
				GCC_PREFIX_HEADER = "RippleButton/RippleButton-Prefix.pch";
				GCC_PREPROCESSOR_DEFINITIONS = (
					"DEBUG=1",
					"$(inherited)",
				);
				INFOPLIST_FILE = "RippleButtonTests/RippleButtonTests-Info.plist";
				PRODUCT_NAME = "$(TARGET_NAME)";
				TEST_HOST = "$(BUNDLE_LOADER)";
				WRAPPER_EXTENSION = xctest;
			};
			name = Debug;
		};
		F1A0AB9B19C9E10900210A0F /* Release */ = {
			isa = XCBuildConfiguration;
			buildSettings = {
				BUNDLE_LOADER = "$(BUILT_PRODUCTS_DIR)/RippleButton.app/RippleButton";
				FRAMEWORK_SEARCH_PATHS = (
					"$(SDKROOT)/Developer/Library/Frameworks",
					"$(inherited)",
					"$(DEVELOPER_FRAMEWORKS_DIR)",
				);
				GCC_PRECOMPILE_PREFIX_HEADER = YES;
				GCC_PREFIX_HEADER = "RippleButton/RippleButton-Prefix.pch";
				INFOPLIST_FILE = "RippleButtonTests/RippleButtonTests-Info.plist";
				PRODUCT_NAME = "$(TARGET_NAME)";
				TEST_HOST = "$(BUNDLE_LOADER)";
				WRAPPER_EXTENSION = xctest;
			};
			name = Release;
		};
/* End XCBuildConfiguration section */

/* Begin XCConfigurationList section */
		F1A0AB5F19C9E10900210A0F /* Build configuration list for PBXProject "RippleButton" */ = {
			isa = XCConfigurationList;
			buildConfigurations = (
				F1A0AB9419C9E10900210A0F /* Debug */,
				F1A0AB9519C9E10900210A0F /* Release */,
			);
			defaultConfigurationIsVisible = 0;
			defaultConfigurationName = Release;
		};
		F1A0AB9619C9E10900210A0F /* Build configuration list for PBXNativeTarget "RippleButton" */ = {
			isa = XCConfigurationList;
			buildConfigurations = (
				F1A0AB9719C9E10900210A0F /* Debug */,
				F1A0AB9819C9E10900210A0F /* Release */,
			);
			defaultConfigurationIsVisible = 0;
		};
		F1A0AB9919C9E10900210A0F /* Build configuration list for PBXNativeTarget "RippleButtonTests" */ = {
			isa = XCConfigurationList;
			buildConfigurations = (
				F1A0AB9A19C9E10900210A0F /* Debug */,
				F1A0AB9B19C9E10900210A0F /* Release */,
			);
			defaultConfigurationIsVisible = 0;
		};
/* End XCConfigurationList section */
	};
	rootObject = F1A0AB5C19C9E10900210A0F /* Project object */;
}
