// !$*UTF8*$!
{
	archiveVersion = 1;
	classes = {
	};
	objectVersion = 46;
	objects = {

/* Begin PBXBuildFile section */
		F1083DAC1B5DE23A00BBFFFE /* main.m in Sources */ = {isa = PBXBuildFile; fileRef = F1083DAB1B5DE23A00BBFFFE /* main.m */; };
		F1083DAF1B5DE23A00BBFFFE /* AppDelegate.m in Sources */ = {isa = PBXBuildFile; fileRef = F1083DAE1B5DE23A00BBFFFE /* AppDelegate.m */; };
		F1083DB21B5DE23A00BBFFFE /* ViewController.m in Sources */ = {isa = PBXBuildFile; fileRef = F1083DB11B5DE23A00BBFFFE /* ViewController.m */; };
		F1083DB51B5DE23A00BBFFFE /* Main.storyboard in Resources */ = {isa = PBXBuildFile; fileRef = F1083DB31B5DE23A00BBFFFE /* Main.storyboard */; };
		F1083DB71B5DE23A00BBFFFE /* Images.xcassets in Resources */ = {isa = PBXBuildFile; fileRef = F1083DB61B5DE23A00BBFFFE /* Images.xcassets */; };
		F1083DBA1B5DE23A00BBFFFE /* LaunchScreen.xib in Resources */ = {isa = PBXBuildFile; fileRef = F1083DB81B5DE23A00BBFFFE /* LaunchScreen.xib */; };
		F1083DC61B5DE23A00BBFFFE /* VEffectsButtonDemoTests.m in Sources */ = {isa = PBXBuildFile; fileRef = F1083DC51B5DE23A00BBFFFE /* VEffectsButtonDemoTests.m */; };
		F10B6D5B1B6B4D1B00B9AAF8 /* TestCell.m in Sources */ = {isa = PBXBuildFile; fileRef = F10B6D5A1B6B4D1B00B9AAF8 /* TestCell.m */; };
		F10B6D5E1B6B4E0900B9AAF8 /* TableViewController.m in Sources */ = {isa = PBXBuildFile; fileRef = F10B6D5D1B6B4E0900B9AAF8 /* TableViewController.m */; };
		F11CAE671B6A2ADF00A89FDF /* VEffectsButton.m in Sources */ = {isa = PBXBuildFile; fileRef = F11CAE661B6A2ADF00A89FDF /* VEffectsButton.m */; };
/* End PBXBuildFile section */

/* Begin PBXContainerItemProxy section */
		F1083DC01B5DE23A00BBFFFE /* PBXContainerItemProxy */ = {
			isa = PBXContainerItemProxy;
			containerPortal = F1083D9E1B5DE23A00BBFFFE /* Project object */;
			proxyType = 1;
			remoteGlobalIDString = F1083DA51B5DE23A00BBFFFE;
			remoteInfo = VEffectsButtonDemo;
		};
/* End PBXContainerItemProxy section */

/* Begin PBXFileReference section */
		F1083DA61B5DE23A00BBFFFE /* VEffectsButtonDemo.app */ = {isa = PBXFileReference; explicitFileType = wrapper.application; includeInIndex = 0; path = VEffectsButtonDemo.app; sourceTree = BUILT_PRODUCTS_DIR; };
		F1083DAA1B5DE23A00BBFFFE /* Info.plist */ = {isa = PBXFileReference; lastKnownFileType = text.plist.xml; path = Info.plist; sourceTree = "<group>"; };
		F1083DAB1B5DE23A00BBFFFE /* main.m */ = {isa = PBXFileReference; lastKnownFileType = sourcecode.c.objc; path = main.m; sourceTree = "<group>"; };
		F1083DAD1B5DE23A00BBFFFE /* AppDelegate.h */ = {isa = PBXFileReference; lastKnownFileType = sourcecode.c.h; path = AppDelegate.h; sourceTree = "<group>"; };
		F1083DAE1B5DE23A00BBFFFE /* AppDelegate.m */ = {isa = PBXFileReference; lastKnownFileType = sourcecode.c.objc; path = AppDelegate.m; sourceTree = "<group>"; };
		F1083DB01B5DE23A00BBFFFE /* ViewController.h */ = {isa = PBXFileReference; lastKnownFileType = sourcecode.c.h; path = ViewController.h; sourceTree = "<group>"; };
		F1083DB11B5DE23A00BBFFFE /* ViewController.m */ = {isa = PBXFileReference; lastKnownFileType = sourcecode.c.objc; path = ViewController.m; sourceTree = "<group>"; };
		F1083DB41B5DE23A00BBFFFE /* Base */ = {isa = PBXFileReference; lastKnownFileType = file.storyboard; name = Base; path = Base.lproj/Main.storyboard; sourceTree = "<group>"; };
		F1083DB61B5DE23A00BBFFFE /* Images.xcassets */ = {isa = PBXFileReference; lastKnownFileType = folder.assetcatalog; path = Images.xcassets; sourceTree = "<group>"; };
		F1083DB91B5DE23A00BBFFFE /* Base */ = {isa = PBXFileReference; lastKnownFileType = file.xib; name = Base; path = Base.lproj/LaunchScreen.xib; sourceTree = "<group>"; };
		F1083DBF1B5DE23A00BBFFFE /* VEffectsButtonDemoTests.xctest */ = {isa = PBXFileReference; explicitFileType = wrapper.cfbundle; includeInIndex = 0; path = VEffectsButtonDemoTests.xctest; sourceTree = BUILT_PRODUCTS_DIR; };
		F1083DC41B5DE23A00BBFFFE /* Info.plist */ = {isa = PBXFileReference; lastKnownFileType = text.plist.xml; path = Info.plist; sourceTree = "<group>"; };
		F1083DC51B5DE23A00BBFFFE /* VEffectsButtonDemoTests.m */ = {isa = PBXFileReference; lastKnownFileType = sourcecode.c.objc; path = VEffectsButtonDemoTests.m; sourceTree = "<group>"; };
		F10B6D591B6B4D1B00B9AAF8 /* TestCell.h */ = {isa = PBXFileReference; fileEncoding = 4; lastKnownFileType = sourcecode.c.h; path = TestCell.h; sourceTree = "<group>"; };
		F10B6D5A1B6B4D1B00B9AAF8 /* TestCell.m */ = {isa = PBXFileReference; fileEncoding = 4; lastKnownFileType = sourcecode.c.objc; path = TestCell.m; sourceTree = "<group>"; };
		F10B6D5C1B6B4E0900B9AAF8 /* TableViewController.h */ = {isa = PBXFileReference; fileEncoding = 4; lastKnownFileType = sourcecode.c.h; path = TableViewController.h; sourceTree = "<group>"; };
		F10B6D5D1B6B4E0900B9AAF8 /* TableViewController.m */ = {isa = PBXFileReference; fileEncoding = 4; lastKnownFileType = sourcecode.c.objc; path = TableViewController.m; sourceTree = "<group>"; };
		F11CAE651B6A2ADF00A89FDF /* VEffectsButton.h */ = {isa = PBXFileReference; fileEncoding = 4; lastKnownFileType = sourcecode.c.h; path = VEffectsButton.h; sourceTree = "<group>"; };
		F11CAE661B6A2ADF00A89FDF /* VEffectsButton.m */ = {isa = PBXFileReference; fileEncoding = 4; lastKnownFileType = sourcecode.c.objc; path = VEffectsButton.m; sourceTree = "<group>"; };
/* End PBXFileReference section */

/* Begin PBXFrameworksBuildPhase section */
		F1083DA31B5DE23A00BBFFFE /* Frameworks */ = {
			isa = PBXFrameworksBuildPhase;
			buildActionMask = 2147483647;
			files = (
			);
			runOnlyForDeploymentPostprocessing = 0;
		};
		F1083DBC1B5DE23A00BBFFFE /* Frameworks */ = {
			isa = PBXFrameworksBuildPhase;
			buildActionMask = 2147483647;
			files = (
			);
			runOnlyForDeploymentPostprocessing = 0;
		};
/* End PBXFrameworksBuildPhase section */

/* Begin PBXGroup section */
		F1083D9D1B5DE23A00BBFFFE = {
			isa = PBXGroup;
			children = (
				F1083DA81B5DE23A00BBFFFE /* VEffectsButtonDemo */,
				F1083DC21B5DE23A00BBFFFE /* VEffectsButtonDemoTests */,
				F1083DA71B5DE23A00BBFFFE /* Products */,
			);
			sourceTree = "<group>";
		};
		F1083DA71B5DE23A00BBFFFE /* Products */ = {
			isa = PBXGroup;
			children = (
				F1083DA61B5DE23A00BBFFFE /* VEffectsButtonDemo.app */,
				F1083DBF1B5DE23A00BBFFFE /* VEffectsButtonDemoTests.xctest */,
			);
			name = Products;
			sourceTree = "<group>";
		};
		F1083DA81B5DE23A00BBFFFE /* VEffectsButtonDemo */ = {
			isa = PBXGroup;
			children = (
				F1083DCF1B5DE25700BBFFFE /* VEffectsButton */,
				F1083DAD1B5DE23A00BBFFFE /* AppDelegate.h */,
				F1083DAE1B5DE23A00BBFFFE /* AppDelegate.m */,
				F1083DB01B5DE23A00BBFFFE /* ViewController.h */,
				F1083DB11B5DE23A00BBFFFE /* ViewController.m */,
				F10B6D5C1B6B4E0900B9AAF8 /* TableViewController.h */,
				F10B6D5D1B6B4E0900B9AAF8 /* TableViewController.m */,
				F10B6D591B6B4D1B00B9AAF8 /* TestCell.h */,
				F10B6D5A1B6B4D1B00B9AAF8 /* TestCell.m */,
				F1083DB31B5DE23A00BBFFFE /* Main.storyboard */,
				F1083DB61B5DE23A00BBFFFE /* Images.xcassets */,
				F1083DB81B5DE23A00BBFFFE /* LaunchScreen.xib */,
				F1083DA91B5DE23A00BBFFFE /* Supporting Files */,
			);
			path = VEffectsButtonDemo;
			sourceTree = "<group>";
		};
		F1083DA91B5DE23A00BBFFFE /* Supporting Files */ = {
			isa = PBXGroup;
			children = (
				F1083DAA1B5DE23A00BBFFFE /* Info.plist */,
				F1083DAB1B5DE23A00BBFFFE /* main.m */,
			);
			name = "Supporting Files";
			sourceTree = "<group>";
		};
		F1083DC21B5DE23A00BBFFFE /* VEffectsButtonDemoTests */ = {
			isa = PBXGroup;
			children = (
				F1083DC51B5DE23A00BBFFFE /* VEffectsButtonDemoTests.m */,
				F1083DC31B5DE23A00BBFFFE /* Supporting Files */,
			);
			path = VEffectsButtonDemoTests;
			sourceTree = "<group>";
		};
		F1083DC31B5DE23A00BBFFFE /* Supporting Files */ = {
			isa = PBXGroup;
			children = (
				F1083DC41B5DE23A00BBFFFE /* Info.plist */,
			);
			name = "Supporting Files";
			sourceTree = "<group>";
		};
		F1083DCF1B5DE25700BBFFFE /* VEffectsButton */ = {
			isa = PBXGroup;
			children = (
				F11CAE651B6A2ADF00A89FDF /* VEffectsButton.h */,
				F11CAE661B6A2ADF00A89FDF /* VEffectsButton.m */,
			);
			path = VEffectsButton;
			sourceTree = "<group>";
		};
/* End PBXGroup section */

/* Begin PBXNativeTarget section */
		F1083DA51B5DE23A00BBFFFE /* VEffectsButtonDemo */ = {
			isa = PBXNativeTarget;
			buildConfigurationList = F1083DC91B5DE23A00BBFFFE /* Build configuration list for PBXNativeTarget "VEffectsButtonDemo" */;
			buildPhases = (
				F1083DA21B5DE23A00BBFFFE /* Sources */,
				F1083DA31B5DE23A00BBFFFE /* Frameworks */,
				F1083DA41B5DE23A00BBFFFE /* Resources */,
			);
			buildRules = (
			);
			dependencies = (
			);
			name = VEffectsButtonDemo;
			productName = VEffectsButtonDemo;
			productReference = F1083DA61B5DE23A00BBFFFE /* VEffectsButtonDemo.app */;
			productType = "com.apple.product-type.application";
		};
		F1083DBE1B5DE23A00BBFFFE /* VEffectsButtonDemoTests */ = {
			isa = PBXNativeTarget;
			buildConfigurationList = F1083DCC1B5DE23A00BBFFFE /* Build configuration list for PBXNativeTarget "VEffectsButtonDemoTests" */;
			buildPhases = (
				F1083DBB1B5DE23A00BBFFFE /* Sources */,
				F1083DBC1B5DE23A00BBFFFE /* Frameworks */,
				F1083DBD1B5DE23A00BBFFFE /* Resources */,
			);
			buildRules = (
			);
			dependencies = (
				F1083DC11B5DE23A00BBFFFE /* PBXTargetDependency */,
			);
			name = VEffectsButtonDemoTests;
			productName = VEffectsButtonDemoTests;
			productReference = F1083DBF1B5DE23A00BBFFFE /* VEffectsButtonDemoTests.xctest */;
			productType = "com.apple.product-type.bundle.unit-test";
		};
/* End PBXNativeTarget section */

/* Begin PBXProject section */
		F1083D9E1B5DE23A00BBFFFE /* Project object */ = {
			isa = PBXProject;
			attributes = {
				LastUpgradeCheck = 0640;
				ORGANIZATIONNAME = Vols;
				TargetAttributes = {
					F1083DA51B5DE23A00BBFFFE = {
						CreatedOnToolsVersion = 6.4;
						SystemCapabilities = {
							com.apple.BackgroundModes = {
								enabled = 1;
							};
						};
					};
					F1083DBE1B5DE23A00BBFFFE = {
						CreatedOnToolsVersion = 6.4;
						TestTargetID = F1083DA51B5DE23A00BBFFFE;
					};
				};
			};
			buildConfigurationList = F1083DA11B5DE23A00BBFFFE /* Build configuration list for PBXProject "VEffectsButtonDemo" */;
			compatibilityVersion = "Xcode 3.2";
			developmentRegion = English;
			hasScannedForEncodings = 0;
			knownRegions = (
				en,
				Base,
			);
			mainGroup = F1083D9D1B5DE23A00BBFFFE;
			productRefGroup = F1083DA71B5DE23A00BBFFFE /* Products */;
			projectDirPath = "";
			projectRoot = "";
			targets = (
				F1083DA51B5DE23A00BBFFFE /* VEffectsButtonDemo */,
				F1083DBE1B5DE23A00BBFFFE /* VEffectsButtonDemoTests */,
			);
		};
/* End PBXProject section */

/* Begin PBXResourcesBuildPhase section */
		F1083DA41B5DE23A00BBFFFE /* Resources */ = {
			isa = PBXResourcesBuildPhase;
			buildActionMask = 2147483647;
			files = (
				F1083DB51B5DE23A00BBFFFE /* Main.storyboard in Resources */,
				F1083DBA1B5DE23A00BBFFFE /* LaunchScreen.xib in Resources */,
				F1083DB71B5DE23A00BBFFFE /* Images.xcassets in Resources */,
			);
			runOnlyForDeploymentPostprocessing = 0;
		};
		F1083DBD1B5DE23A00BBFFFE /* Resources */ = {
			isa = PBXResourcesBuildPhase;
			buildActionMask = 2147483647;
			files = (
			);
			runOnlyForDeploymentPostprocessing = 0;
		};
/* End PBXResourcesBuildPhase section */

/* Begin PBXSourcesBuildPhase section */
		F1083DA21B5DE23A00BBFFFE /* Sources */ = {
			isa = PBXSourcesBuildPhase;
			buildActionMask = 2147483647;
			files = (
				F1083DB21B5DE23A00BBFFFE /* ViewController.m in Sources */,
				F10B6D5E1B6B4E0900B9AAF8 /* TableViewController.m in Sources */,
				F11CAE671B6A2ADF00A89FDF /* VEffectsButton.m in Sources */,
				F10B6D5B1B6B4D1B00B9AAF8 /* TestCell.m in Sources */,
				F1083DAF1B5DE23A00BBFFFE /* AppDelegate.m in Sources */,
				F1083DAC1B5DE23A00BBFFFE /* main.m in Sources */,
			);
			runOnlyForDeploymentPostprocessing = 0;
		};
		F1083DBB1B5DE23A00BBFFFE /* Sources */ = {
			isa = PBXSourcesBuildPhase;
			buildActionMask = 2147483647;
			files = (
				F1083DC61B5DE23A00BBFFFE /* VEffectsButtonDemoTests.m in Sources */,
			);
			runOnlyForDeploymentPostprocessing = 0;
		};
/* End PBXSourcesBuildPhase section */

/* Begin PBXTargetDependency section */
		F1083DC11B5DE23A00BBFFFE /* PBXTargetDependency */ = {
			isa = PBXTargetDependency;
			target = F1083DA51B5DE23A00BBFFFE /* VEffectsButtonDemo */;
			targetProxy = F1083DC01B5DE23A00BBFFFE /* PBXContainerItemProxy */;
		};
/* End PBXTargetDependency section */

/* Begin PBXVariantGroup section */
		F1083DB31B5DE23A00BBFFFE /* Main.storyboard */ = {
			isa = PBXVariantGroup;
			children = (
				F1083DB41B5DE23A00BBFFFE /* Base */,
			);
			name = Main.storyboard;
			sourceTree = "<group>";
		};
		F1083DB81B5DE23A00BBFFFE /* LaunchScreen.xib */ = {
			isa = PBXVariantGroup;
			children = (
				F1083DB91B5DE23A00BBFFFE /* Base */,
			);
			name = LaunchScreen.xib;
			sourceTree = "<group>";
		};
/* End PBXVariantGroup section */

/* Begin XCBuildConfiguration section */
		F1083DC71B5DE23A00BBFFFE /* Debug */ = {
			isa = XCBuildConfiguration;
			buildSettings = {
				ALWAYS_SEARCH_USER_PATHS = NO;
				CLANG_CXX_LANGUAGE_STANDARD = "gnu++0x";
				CLANG_CXX_LIBRARY = "libc++";
				CLANG_ENABLE_MODULES = YES;
				CLANG_ENABLE_OBJC_ARC = YES;
				CLANG_WARN_BOOL_CONVERSION = YES;
				CLANG_WARN_CONSTANT_CONVERSION = YES;
				CLANG_WARN_DIRECT_OBJC_ISA_USAGE = YES_ERROR;
				CLANG_WARN_EMPTY_BODY = YES;
				CLANG_WARN_ENUM_CONVERSION = YES;
				CLANG_WARN_INT_CONVERSION = YES;
				CLANG_WARN_OBJC_ROOT_CLASS = YES_ERROR;
				CLANG_WARN_UNREACHABLE_CODE = YES;
				CLANG_WARN__DUPLICATE_METHOD_MATCH = YES;
				"CODE_SIGN_IDENTITY[sdk=iphoneos*]" = "iPhone Developer";
				COPY_PHASE_STRIP = NO;
				DEBUG_INFORMATION_FORMAT = "dwarf-with-dsym";
				ENABLE_STRICT_OBJC_MSGSEND = YES;
				GCC_C_LANGUAGE_STANDARD = gnu99;
				GCC_DYNAMIC_NO_PIC = NO;
				GCC_NO_COMMON_BLOCKS = YES;
				GCC_OPTIMIZATION_LEVEL = 0;
				GCC_PREPROCESSOR_DEFINITIONS = (
					"DEBUG=1",
					"$(inherited)",
				);
				GCC_SYMBOLS_PRIVATE_EXTERN = NO;
				GCC_WARN_64_TO_32_BIT_CONVERSION = YES;
				GCC_WARN_ABOUT_RETURN_TYPE = YES_ERROR;
				GCC_WARN_UNDECLARED_SELECTOR = YES;
				GCC_WARN_UNINITIALIZED_AUTOS = YES_AGGRESSIVE;
				GCC_WARN_UNUSED_FUNCTION = YES;
				GCC_WARN_UNUSED_VARIABLE = YES;
				IPHONEOS_DEPLOYMENT_TARGET = 8.4;
				MTL_ENABLE_DEBUG_INFO = YES;
				ONLY_ACTIVE_ARCH = YES;
				SDKROOT = iphoneos;
			};
			name = Debug;
		};
		F1083DC81B5DE23A00BBFFFE /* Release */ = {
			isa = XCBuildConfiguration;
			buildSettings = {
				ALWAYS_SEARCH_USER_PATHS = NO;
				CLANG_CXX_LANGUAGE_STANDARD = "gnu++0x";
				CLANG_CXX_LIBRARY = "libc++";
				CLANG_ENABLE_MODULES = YES;
				CLANG_ENABLE_OBJC_ARC = YES;
				CLANG_WARN_BOOL_CONVERSION = YES;
				CLANG_WARN_CONSTANT_CONVERSION = YES;
				CLANG_WARN_DIRECT_OBJC_ISA_USAGE = YES_ERROR;
				CLANG_WARN_EMPTY_BODY = YES;
				CLANG_WARN_ENUM_CONVERSION = YES;
				CLANG_WARN_INT_CONVERSION = YES;
				CLANG_WARN_OBJC_ROOT_CLASS = YES_ERROR;
				CLANG_WARN_UNREACHABLE_CODE = YES;
				CLANG_WARN__DUPLICATE_METHOD_MATCH = YES;
				"CODE_SIGN_IDENTITY[sdk=iphoneos*]" = "iPhone Developer";
				COPY_PHASE_STRIP = NO;
				DEBUG_INFORMATION_FORMAT = "dwarf-with-dsym";
				ENABLE_NS_ASSERTIONS = NO;
				ENABLE_STRICT_OBJC_MSGSEND = YES;
				GCC_C_LANGUAGE_STANDARD = gnu99;
				GCC_NO_COMMON_BLOCKS = YES;
				GCC_WARN_64_TO_32_BIT_CONVERSION = YES;
				GCC_WARN_ABOUT_RETURN_TYPE = YES_ERROR;
				GCC_WARN_UNDECLARED_SELECTOR = YES;
				GCC_WARN_UNINITIALIZED_AUTOS = YES_AGGRESSIVE;
				GCC_WARN_UNUSED_FUNCTION = YES;
				GCC_WARN_UNUSED_VARIABLE = YES;
				IPHONEOS_DEPLOYMENT_TARGET = 8.4;
				MTL_ENABLE_DEBUG_INFO = NO;
				SDKROOT = iphoneos;
				VALIDATE_PRODUCT = YES;
			};
			name = Release;
		};
		F1083DCA1B5DE23A00BBFFFE /* Debug */ = {
			isa = XCBuildConfiguration;
			buildSettings = {
				ASSETCATALOG_COMPILER_APPICON_NAME = AppIcon;
				INFOPLIST_FILE = VEffectsButtonDemo/Info.plist;
				LD_RUNPATH_SEARCH_PATHS = "$(inherited) @executable_path/Frameworks";
				PRODUCT_NAME = "$(TARGET_NAME)";
			};
			name = Debug;
		};
		F1083DCB1B5DE23A00BBFFFE /* Release */ = {
			isa = XCBuildConfiguration;
			buildSettings = {
				ASSETCATALOG_COMPILER_APPICON_NAME = AppIcon;
				INFOPLIST_FILE = VEffectsButtonDemo/Info.plist;
				LD_RUNPATH_SEARCH_PATHS = "$(inherited) @executable_path/Frameworks";
				PRODUCT_NAME = "$(TARGET_NAME)";
			};
			name = Release;
		};
		F1083DCD1B5DE23A00BBFFFE /* Debug */ = {
			isa = XCBuildConfiguration;
			buildSettings = {
				BUNDLE_LOADER = "$(TEST_HOST)";
				FRAMEWORK_SEARCH_PATHS = (
					"$(SDKROOT)/Developer/Library/Frameworks",
					"$(inherited)",
				);
				GCC_PREPROCESSOR_DEFINITIONS = (
					"DEBUG=1",
					"$(inherited)",
				);
				INFOPLIST_FILE = VEffectsButtonDemoTests/Info.plist;
				LD_RUNPATH_SEARCH_PATHS = "$(inherited) @executable_path/Frameworks @loader_path/Frameworks";
				PRODUCT_NAME = "$(TARGET_NAME)";
				TEST_HOST = "$(BUILT_PRODUCTS_DIR)/VEffectsButtonDemo.app/VEffectsButtonDemo";
			};
			name = Debug;
		};
		F1083DCE1B5DE23A00BBFFFE /* Release */ = {
			isa = XCBuildConfiguration;
			buildSettings = {
				BUNDLE_LOADER = "$(TEST_HOST)";
				FRAMEWORK_SEARCH_PATHS = (
					"$(SDKROOT)/Developer/Library/Frameworks",
					"$(inherited)",
				);
				INFOPLIST_FILE = VEffectsButtonDemoTests/Info.plist;
				LD_RUNPATH_SEARCH_PATHS = "$(inherited) @executable_path/Frameworks @loader_path/Frameworks";
				PRODUCT_NAME = "$(TARGET_NAME)";
				TEST_HOST = "$(BUILT_PRODUCTS_DIR)/VEffectsButtonDemo.app/VEffectsButtonDemo";
			};
			name = Release;
		};
/* End XCBuildConfiguration section */

/* Begin XCConfigurationList section */
		F1083DA11B5DE23A00BBFFFE /* Build configuration list for PBXProject "VEffectsButtonDemo" */ = {
			isa = XCConfigurationList;
			buildConfigurations = (
				F1083DC71B5DE23A00BBFFFE /* Debug */,
				F1083DC81B5DE23A00BBFFFE /* Release */,
			);
			defaultConfigurationIsVisible = 0;
			defaultConfigurationName = Release;
		};
		F1083DC91B5DE23A00BBFFFE /* Build configuration list for PBXNativeTarget "VEffectsButtonDemo" */ = {
			isa = XCConfigurationList;
			buildConfigurations = (
				F1083DCA1B5DE23A00BBFFFE /* Debug */,
				F1083DCB1B5DE23A00BBFFFE /* Release */,
			);
			defaultConfigurationIsVisible = 0;
			defaultConfigurationName = Release;
		};
		F1083DCC1B5DE23A00BBFFFE /* Build configuration list for PBXNativeTarget "VEffectsButtonDemoTests" */ = {
			isa = XCConfigurationList;
			buildConfigurations = (
				F1083DCD1B5DE23A00BBFFFE /* Debug */,
				F1083DCE1B5DE23A00BBFFFE /* Release */,
			);
			defaultConfigurationIsVisible = 0;
			defaultConfigurationName = Release;
		};
/* End XCConfigurationList section */
	};
	rootObject = F1083D9E1B5DE23A00BBFFFE /* Project object */;
}
