// !$*UTF8*$!
{
	archiveVersion = 1;
	classes = {
	};
	objectVersion = 46;
	objects = {

/* Begin PBXBuildFile section */
		F10912581978CBB900DE4D0F /* Foundation.framework in Frameworks */ = {isa = PBXBuildFile; fileRef = F10912571978CBB900DE4D0F /* Foundation.framework */; };
		F109125A1978CBB900DE4D0F /* CoreGraphics.framework in Frameworks */ = {isa = PBXBuildFile; fileRef = F10912591978CBB900DE4D0F /* CoreGraphics.framework */; };
		F109125C1978CBB900DE4D0F /* UIKit.framework in Frameworks */ = {isa = PBXBuildFile; fileRef = F109125B1978CBB900DE4D0F /* UIKit.framework */; };
		F10912621978CBBA00DE4D0F /* InfoPlist.strings in Resources */ = {isa = PBXBuildFile; fileRef = F10912601978CBBA00DE4D0F /* InfoPlist.strings */; };
		F10912641978CBBA00DE4D0F /* main.m in Sources */ = {isa = PBXBuildFile; fileRef = F10912631978CBBA00DE4D0F /* main.m */; };
		F10912681978CBBA00DE4D0F /* AppDelegate.m in Sources */ = {isa = PBXBuildFile; fileRef = F10912671978CBBA00DE4D0F /* AppDelegate.m */; };
		F109126B1978CBBA00DE4D0F /* Main.storyboard in Resources */ = {isa = PBXBuildFile; fileRef = F10912691978CBBA00DE4D0F /* Main.storyboard */; };
		F109126E1978CBBA00DE4D0F /* ViewController.m in Sources */ = {isa = PBXBuildFile; fileRef = F109126D1978CBBA00DE4D0F /* ViewController.m */; };
		F10912701978CBBA00DE4D0F /* Images.xcassets in Resources */ = {isa = PBXBuildFile; fileRef = F109126F1978CBBA00DE4D0F /* Images.xcassets */; };
		F10912771978CBBA00DE4D0F /* XCTest.framework in Frameworks */ = {isa = PBXBuildFile; fileRef = F10912761978CBBA00DE4D0F /* XCTest.framework */; };
		F10912781978CBBA00DE4D0F /* Foundation.framework in Frameworks */ = {isa = PBXBuildFile; fileRef = F10912571978CBB900DE4D0F /* Foundation.framework */; };
		F10912791978CBBA00DE4D0F /* UIKit.framework in Frameworks */ = {isa = PBXBuildFile; fileRef = F109125B1978CBB900DE4D0F /* UIKit.framework */; };
		F10912811978CBBA00DE4D0F /* InfoPlist.strings in Resources */ = {isa = PBXBuildFile; fileRef = F109127F1978CBBA00DE4D0F /* InfoPlist.strings */; };
		F10912831978CBBA00DE4D0F /* FlatButtonTests.m in Sources */ = {isa = PBXBuildFile; fileRef = F10912821978CBBA00DE4D0F /* FlatButtonTests.m */; };
		F109128F1978CBE800DE4D0F /* FlatButton.m in Sources */ = {isa = PBXBuildFile; fileRef = F109128E1978CBE800DE4D0F /* FlatButton.m */; };
/* End PBXBuildFile section */

/* Begin PBXContainerItemProxy section */
		F109127A1978CBBA00DE4D0F /* PBXContainerItemProxy */ = {
			isa = PBXContainerItemProxy;
			containerPortal = F109124C1978CBB900DE4D0F /* Project object */;
			proxyType = 1;
			remoteGlobalIDString = F10912531978CBB900DE4D0F;
			remoteInfo = FlatButton;
		};
/* End PBXContainerItemProxy section */

/* Begin PBXFileReference section */
		F10912541978CBB900DE4D0F /* FlatButton.app */ = {isa = PBXFileReference; explicitFileType = wrapper.application; includeInIndex = 0; path = FlatButton.app; sourceTree = BUILT_PRODUCTS_DIR; };
		F10912571978CBB900DE4D0F /* Foundation.framework */ = {isa = PBXFileReference; lastKnownFileType = wrapper.framework; name = Foundation.framework; path = System/Library/Frameworks/Foundation.framework; sourceTree = SDKROOT; };
		F10912591978CBB900DE4D0F /* CoreGraphics.framework */ = {isa = PBXFileReference; lastKnownFileType = wrapper.framework; name = CoreGraphics.framework; path = System/Library/Frameworks/CoreGraphics.framework; sourceTree = SDKROOT; };
		F109125B1978CBB900DE4D0F /* UIKit.framework */ = {isa = PBXFileReference; lastKnownFileType = wrapper.framework; name = UIKit.framework; path = System/Library/Frameworks/UIKit.framework; sourceTree = SDKROOT; };
		F109125F1978CBBA00DE4D0F /* FlatButton-Info.plist */ = {isa = PBXFileReference; lastKnownFileType = text.plist.xml; path = "FlatButton-Info.plist"; sourceTree = "<group>"; };
		F10912611978CBBA00DE4D0F /* en */ = {isa = PBXFileReference; lastKnownFileType = text.plist.strings; name = en; path = en.lproj/InfoPlist.strings; sourceTree = "<group>"; };
		F10912631978CBBA00DE4D0F /* main.m */ = {isa = PBXFileReference; lastKnownFileType = sourcecode.c.objc; path = main.m; sourceTree = "<group>"; };
		F10912651978CBBA00DE4D0F /* FlatButton-Prefix.pch */ = {isa = PBXFileReference; lastKnownFileType = sourcecode.c.h; path = "FlatButton-Prefix.pch"; sourceTree = "<group>"; };
		F10912661978CBBA00DE4D0F /* AppDelegate.h */ = {isa = PBXFileReference; lastKnownFileType = sourcecode.c.h; path = AppDelegate.h; sourceTree = "<group>"; };
		F10912671978CBBA00DE4D0F /* AppDelegate.m */ = {isa = PBXFileReference; lastKnownFileType = sourcecode.c.objc; path = AppDelegate.m; sourceTree = "<group>"; };
		F109126A1978CBBA00DE4D0F /* Base */ = {isa = PBXFileReference; lastKnownFileType = file.storyboard; name = Base; path = Base.lproj/Main.storyboard; sourceTree = "<group>"; };
		F109126C1978CBBA00DE4D0F /* ViewController.h */ = {isa = PBXFileReference; lastKnownFileType = sourcecode.c.h; path = ViewController.h; sourceTree = "<group>"; };
		F109126D1978CBBA00DE4D0F /* ViewController.m */ = {isa = PBXFileReference; lastKnownFileType = sourcecode.c.objc; path = ViewController.m; sourceTree = "<group>"; };
		F109126F1978CBBA00DE4D0F /* Images.xcassets */ = {isa = PBXFileReference; lastKnownFileType = folder.assetcatalog; path = Images.xcassets; sourceTree = "<group>"; };
		F10912751978CBBA00DE4D0F /* FlatButtonTests.xctest */ = {isa = PBXFileReference; explicitFileType = wrapper.cfbundle; includeInIndex = 0; path = FlatButtonTests.xctest; sourceTree = BUILT_PRODUCTS_DIR; };
		F10912761978CBBA00DE4D0F /* XCTest.framework */ = {isa = PBXFileReference; lastKnownFileType = wrapper.framework; name = XCTest.framework; path = Library/Frameworks/XCTest.framework; sourceTree = DEVELOPER_DIR; };
		F109127E1978CBBA00DE4D0F /* FlatButtonTests-Info.plist */ = {isa = PBXFileReference; lastKnownFileType = text.plist.xml; path = "FlatButtonTests-Info.plist"; sourceTree = "<group>"; };
		F10912801978CBBA00DE4D0F /* en */ = {isa = PBXFileReference; lastKnownFileType = text.plist.strings; name = en; path = en.lproj/InfoPlist.strings; sourceTree = "<group>"; };
		F10912821978CBBA00DE4D0F /* FlatButtonTests.m */ = {isa = PBXFileReference; lastKnownFileType = sourcecode.c.objc; path = FlatButtonTests.m; sourceTree = "<group>"; };
		F109128D1978CBE800DE4D0F /* FlatButton.h */ = {isa = PBXFileReference; fileEncoding = 4; lastKnownFileType = sourcecode.c.h; path = FlatButton.h; sourceTree = "<group>"; };
		F109128E1978CBE800DE4D0F /* FlatButton.m */ = {isa = PBXFileReference; fileEncoding = 4; lastKnownFileType = sourcecode.c.objc; path = FlatButton.m; sourceTree = "<group>"; };
/* End PBXFileReference section */

/* Begin PBXFrameworksBuildPhase section */
		F10912511978CBB900DE4D0F /* Frameworks */ = {
			isa = PBXFrameworksBuildPhase;
			buildActionMask = 2147483647;
			files = (
				F109125A1978CBB900DE4D0F /* CoreGraphics.framework in Frameworks */,
				F109125C1978CBB900DE4D0F /* UIKit.framework in Frameworks */,
				F10912581978CBB900DE4D0F /* Foundation.framework in Frameworks */,
			);
			runOnlyForDeploymentPostprocessing = 0;
		};
		F10912721978CBBA00DE4D0F /* Frameworks */ = {
			isa = PBXFrameworksBuildPhase;
			buildActionMask = 2147483647;
			files = (
				F10912771978CBBA00DE4D0F /* XCTest.framework in Frameworks */,
				F10912791978CBBA00DE4D0F /* UIKit.framework in Frameworks */,
				F10912781978CBBA00DE4D0F /* Foundation.framework in Frameworks */,
			);
			runOnlyForDeploymentPostprocessing = 0;
		};
/* End PBXFrameworksBuildPhase section */

/* Begin PBXGroup section */
		F109124B1978CBB900DE4D0F = {
			isa = PBXGroup;
			children = (
				F109125D1978CBBA00DE4D0F /* FlatButton */,
				F109127C1978CBBA00DE4D0F /* FlatButtonTests */,
				F10912561978CBB900DE4D0F /* Frameworks */,
				F10912551978CBB900DE4D0F /* Products */,
			);
			sourceTree = "<group>";
		};
		F10912551978CBB900DE4D0F /* Products */ = {
			isa = PBXGroup;
			children = (
				F10912541978CBB900DE4D0F /* FlatButton.app */,
				F10912751978CBBA00DE4D0F /* FlatButtonTests.xctest */,
			);
			name = Products;
			sourceTree = "<group>";
		};
		F10912561978CBB900DE4D0F /* Frameworks */ = {
			isa = PBXGroup;
			children = (
				F10912571978CBB900DE4D0F /* Foundation.framework */,
				F10912591978CBB900DE4D0F /* CoreGraphics.framework */,
				F109125B1978CBB900DE4D0F /* UIKit.framework */,
				F10912761978CBBA00DE4D0F /* XCTest.framework */,
			);
			name = Frameworks;
			sourceTree = "<group>";
		};
		F109125D1978CBBA00DE4D0F /* FlatButton */ = {
			isa = PBXGroup;
			children = (
				F109128C1978CBDA00DE4D0F /* FlatButton */,
				F10912661978CBBA00DE4D0F /* AppDelegate.h */,
				F10912671978CBBA00DE4D0F /* AppDelegate.m */,
				F10912691978CBBA00DE4D0F /* Main.storyboard */,
				F109126C1978CBBA00DE4D0F /* ViewController.h */,
				F109126D1978CBBA00DE4D0F /* ViewController.m */,
				F109126F1978CBBA00DE4D0F /* Images.xcassets */,
				F109125E1978CBBA00DE4D0F /* Supporting Files */,
			);
			path = FlatButton;
			sourceTree = "<group>";
		};
		F109125E1978CBBA00DE4D0F /* Supporting Files */ = {
			isa = PBXGroup;
			children = (
				F109125F1978CBBA00DE4D0F /* FlatButton-Info.plist */,
				F10912601978CBBA00DE4D0F /* InfoPlist.strings */,
				F10912631978CBBA00DE4D0F /* main.m */,
				F10912651978CBBA00DE4D0F /* FlatButton-Prefix.pch */,
			);
			name = "Supporting Files";
			sourceTree = "<group>";
		};
		F109127C1978CBBA00DE4D0F /* FlatButtonTests */ = {
			isa = PBXGroup;
			children = (
				F10912821978CBBA00DE4D0F /* FlatButtonTests.m */,
				F109127D1978CBBA00DE4D0F /* Supporting Files */,
			);
			path = FlatButtonTests;
			sourceTree = "<group>";
		};
		F109127D1978CBBA00DE4D0F /* Supporting Files */ = {
			isa = PBXGroup;
			children = (
				F109127E1978CBBA00DE4D0F /* FlatButtonTests-Info.plist */,
				F109127F1978CBBA00DE4D0F /* InfoPlist.strings */,
			);
			name = "Supporting Files";
			sourceTree = "<group>";
		};
		F109128C1978CBDA00DE4D0F /* FlatButton */ = {
			isa = PBXGroup;
			children = (
				F109128D1978CBE800DE4D0F /* FlatButton.h */,
				F109128E1978CBE800DE4D0F /* FlatButton.m */,
			);
			path = FlatButton;
			sourceTree = "<group>";
		};
/* End PBXGroup section */

/* Begin PBXNativeTarget section */
		F10912531978CBB900DE4D0F /* FlatButton */ = {
			isa = PBXNativeTarget;
			buildConfigurationList = F10912861978CBBA00DE4D0F /* Build configuration list for PBXNativeTarget "FlatButton" */;
			buildPhases = (
				F10912501978CBB900DE4D0F /* Sources */,
				F10912511978CBB900DE4D0F /* Frameworks */,
				F10912521978CBB900DE4D0F /* Resources */,
			);
			buildRules = (
			);
			dependencies = (
			);
			name = FlatButton;
			productName = FlatButton;
			productReference = F10912541978CBB900DE4D0F /* FlatButton.app */;
			productType = "com.apple.product-type.application";
		};
		F10912741978CBBA00DE4D0F /* FlatButtonTests */ = {
			isa = PBXNativeTarget;
			buildConfigurationList = F10912891978CBBA00DE4D0F /* Build configuration list for PBXNativeTarget "FlatButtonTests" */;
			buildPhases = (
				F10912711978CBBA00DE4D0F /* Sources */,
				F10912721978CBBA00DE4D0F /* Frameworks */,
				F10912731978CBBA00DE4D0F /* Resources */,
			);
			buildRules = (
			);
			dependencies = (
				F109127B1978CBBA00DE4D0F /* PBXTargetDependency */,
			);
			name = FlatButtonTests;
			productName = FlatButtonTests;
			productReference = F10912751978CBBA00DE4D0F /* FlatButtonTests.xctest */;
			productType = "com.apple.product-type.bundle.unit-test";
		};
/* End PBXNativeTarget section */

/* Begin PBXProject section */
		F109124C1978CBB900DE4D0F /* Project object */ = {
			isa = PBXProject;
			attributes = {
				LastUpgradeCheck = 0510;
				ORGANIZATIONNAME = vols;
				TargetAttributes = {
					F10912741978CBBA00DE4D0F = {
						TestTargetID = F10912531978CBB900DE4D0F;
					};
				};
			};
			buildConfigurationList = F109124F1978CBB900DE4D0F /* Build configuration list for PBXProject "FlatButton" */;
			compatibilityVersion = "Xcode 3.2";
			developmentRegion = English;
			hasScannedForEncodings = 0;
			knownRegions = (
				en,
				Base,
			);
			mainGroup = F109124B1978CBB900DE4D0F;
			productRefGroup = F10912551978CBB900DE4D0F /* Products */;
			projectDirPath = "";
			projectRoot = "";
			targets = (
				F10912531978CBB900DE4D0F /* FlatButton */,
				F10912741978CBBA00DE4D0F /* FlatButtonTests */,
			);
		};
/* End PBXProject section */

/* Begin PBXResourcesBuildPhase section */
		F10912521978CBB900DE4D0F /* Resources */ = {
			isa = PBXResourcesBuildPhase;
			buildActionMask = 2147483647;
			files = (
				F10912701978CBBA00DE4D0F /* Images.xcassets in Resources */,
				F10912621978CBBA00DE4D0F /* InfoPlist.strings in Resources */,
				F109126B1978CBBA00DE4D0F /* Main.storyboard in Resources */,
			);
			runOnlyForDeploymentPostprocessing = 0;
		};
		F10912731978CBBA00DE4D0F /* Resources */ = {
			isa = PBXResourcesBuildPhase;
			buildActionMask = 2147483647;
			files = (
				F10912811978CBBA00DE4D0F /* InfoPlist.strings in Resources */,
			);
			runOnlyForDeploymentPostprocessing = 0;
		};
/* End PBXResourcesBuildPhase section */

/* Begin PBXSourcesBuildPhase section */
		F10912501978CBB900DE4D0F /* Sources */ = {
			isa = PBXSourcesBuildPhase;
			buildActionMask = 2147483647;
			files = (
				F109126E1978CBBA00DE4D0F /* ViewController.m in Sources */,
				F10912681978CBBA00DE4D0F /* AppDelegate.m in Sources */,
				F109128F1978CBE800DE4D0F /* FlatButton.m in Sources */,
				F10912641978CBBA00DE4D0F /* main.m in Sources */,
			);
			runOnlyForDeploymentPostprocessing = 0;
		};
		F10912711978CBBA00DE4D0F /* Sources */ = {
			isa = PBXSourcesBuildPhase;
			buildActionMask = 2147483647;
			files = (
				F10912831978CBBA00DE4D0F /* FlatButtonTests.m in Sources */,
			);
			runOnlyForDeploymentPostprocessing = 0;
		};
/* End PBXSourcesBuildPhase section */

/* Begin PBXTargetDependency section */
		F109127B1978CBBA00DE4D0F /* PBXTargetDependency */ = {
			isa = PBXTargetDependency;
			target = F10912531978CBB900DE4D0F /* FlatButton */;
			targetProxy = F109127A1978CBBA00DE4D0F /* PBXContainerItemProxy */;
		};
/* End PBXTargetDependency section */

/* Begin PBXVariantGroup section */
		F10912601978CBBA00DE4D0F /* InfoPlist.strings */ = {
			isa = PBXVariantGroup;
			children = (
				F10912611978CBBA00DE4D0F /* en */,
			);
			name = InfoPlist.strings;
			sourceTree = "<group>";
		};
		F10912691978CBBA00DE4D0F /* Main.storyboard */ = {
			isa = PBXVariantGroup;
			children = (
				F109126A1978CBBA00DE4D0F /* Base */,
			);
			name = Main.storyboard;
			sourceTree = "<group>";
		};
		F109127F1978CBBA00DE4D0F /* InfoPlist.strings */ = {
			isa = PBXVariantGroup;
			children = (
				F10912801978CBBA00DE4D0F /* en */,
			);
			name = InfoPlist.strings;
			sourceTree = "<group>";
		};
/* End PBXVariantGroup section */

/* Begin XCBuildConfiguration section */
		F10912841978CBBA00DE4D0F /* Debug */ = {
			isa = XCBuildConfiguration;
			buildSettings = {
				ALWAYS_SEARCH_USER_PATHS = NO;
				CLANG_CXX_LANGUAGE_STANDARD = "gnu++0x";
				CLANG_CXX_LIBRARY = "libc++";
				CLANG_ENABLE_MODULES = YES;
				CLANG_ENABLE_OBJC_ARC = YES;
				CLANG_WARN_BOOL_CONVERSION = YES;
				CLANG_WARN_CONSTANT_CONVERSION = YES;
				CLANG_WARN_DIRECT_OBJC_ISA_USAGE = YES_ERROR;
				CLANG_WARN_EMPTY_BODY = YES;
				CLANG_WARN_ENUM_CONVERSION = YES;
				CLANG_WARN_INT_CONVERSION = YES;
				CLANG_WARN_OBJC_ROOT_CLASS = YES_ERROR;
				CLANG_WARN__DUPLICATE_METHOD_MATCH = YES;
				"CODE_SIGN_IDENTITY[sdk=iphoneos*]" = "iPhone Developer";
				COPY_PHASE_STRIP = NO;
				GCC_C_LANGUAGE_STANDARD = gnu99;
				GCC_DYNAMIC_NO_PIC = NO;
				GCC_OPTIMIZATION_LEVEL = 0;
				GCC_PREPROCESSOR_DEFINITIONS = (
					"DEBUG=1",
					"$(inherited)",
				);
				GCC_SYMBOLS_PRIVATE_EXTERN = NO;
				GCC_WARN_64_TO_32_BIT_CONVERSION = YES;
				GCC_WARN_ABOUT_RETURN_TYPE = YES_ERROR;
				GCC_WARN_UNDECLARED_SELECTOR = YES;
				GCC_WARN_UNINITIALIZED_AUTOS = YES_AGGRESSIVE;
				GCC_WARN_UNUSED_FUNCTION = YES;
				GCC_WARN_UNUSED_VARIABLE = YES;
				IPHONEOS_DEPLOYMENT_TARGET = 7.1;
				ONLY_ACTIVE_ARCH = YES;
				SDKROOT = iphoneos;
			};
			name = Debug;
		};
		F10912851978CBBA00DE4D0F /* Release */ = {
			isa = XCBuildConfiguration;
			buildSettings = {
				ALWAYS_SEARCH_USER_PATHS = NO;
				CLANG_CXX_LANGUAGE_STANDARD = "gnu++0x";
				CLANG_CXX_LIBRARY = "libc++";
				CLANG_ENABLE_MODULES = YES;
				CLANG_ENABLE_OBJC_ARC = YES;
				CLANG_WARN_BOOL_CONVERSION = YES;
				CLANG_WARN_CONSTANT_CONVERSION = YES;
				CLANG_WARN_DIRECT_OBJC_ISA_USAGE = YES_ERROR;
				CLANG_WARN_EMPTY_BODY = YES;
				CLANG_WARN_ENUM_CONVERSION = YES;
				CLANG_WARN_INT_CONVERSION = YES;
				CLANG_WARN_OBJC_ROOT_CLASS = YES_ERROR;
				CLANG_WARN__DUPLICATE_METHOD_MATCH = YES;
				"CODE_SIGN_IDENTITY[sdk=iphoneos*]" = "iPhone Developer";
				COPY_PHASE_STRIP = YES;
				ENABLE_NS_ASSERTIONS = NO;
				GCC_C_LANGUAGE_STANDARD = gnu99;
				GCC_WARN_64_TO_32_BIT_CONVERSION = YES;
				GCC_WARN_ABOUT_RETURN_TYPE = YES_ERROR;
				GCC_WARN_UNDECLARED_SELECTOR = YES;
				GCC_WARN_UNINITIALIZED_AUTOS = YES_AGGRESSIVE;
				GCC_WARN_UNUSED_FUNCTION = YES;
				GCC_WARN_UNUSED_VARIABLE = YES;
				IPHONEOS_DEPLOYMENT_TARGET = 7.1;
				SDKROOT = iphoneos;
				VALIDATE_PRODUCT = YES;
			};
			name = Release;
		};
		F10912871978CBBA00DE4D0F /* Debug */ = {
			isa = XCBuildConfiguration;
			buildSettings = {
				ASSETCATALOG_COMPILER_APPICON_NAME = AppIcon;
				ASSETCATALOG_COMPILER_LAUNCHIMAGE_NAME = LaunchImage;
				GCC_PRECOMPILE_PREFIX_HEADER = YES;
				GCC_PREFIX_HEADER = "FlatButton/FlatButton-Prefix.pch";
				INFOPLIST_FILE = "FlatButton/FlatButton-Info.plist";
				PRODUCT_NAME = "$(TARGET_NAME)";
				WRAPPER_EXTENSION = app;
			};
			name = Debug;
		};
		F10912881978CBBA00DE4D0F /* Release */ = {
			isa = XCBuildConfiguration;
			buildSettings = {
				ASSETCATALOG_COMPILER_APPICON_NAME = AppIcon;
				ASSETCATALOG_COMPILER_LAUNCHIMAGE_NAME = LaunchImage;
				GCC_PRECOMPILE_PREFIX_HEADER = YES;
				GCC_PREFIX_HEADER = "FlatButton/FlatButton-Prefix.pch";
				INFOPLIST_FILE = "FlatButton/FlatButton-Info.plist";
				PRODUCT_NAME = "$(TARGET_NAME)";
				WRAPPER_EXTENSION = app;
			};
			name = Release;
		};
		F109128A1978CBBA00DE4D0F /* Debug */ = {
			isa = XCBuildConfiguration;
			buildSettings = {
				BUNDLE_LOADER = "$(BUILT_PRODUCTS_DIR)/FlatButton.app/FlatButton";
				FRAMEWORK_SEARCH_PATHS = (
					"$(SDKROOT)/Developer/Library/Frameworks",
					"$(inherited)",
					"$(DEVELOPER_FRAMEWORKS_DIR)",
				);
				GCC_PRECOMPILE_PREFIX_HEADER = YES;
				GCC_PREFIX_HEADER = "FlatButton/FlatButton-Prefix.pch";
				GCC_PREPROCESSOR_DEFINITIONS = (
					"DEBUG=1",
					"$(inherited)",
				);
				INFOPLIST_FILE = "FlatButtonTests/FlatButtonTests-Info.plist";
				PRODUCT_NAME = "$(TARGET_NAME)";
				TEST_HOST = "$(BUNDLE_LOADER)";
				WRAPPER_EXTENSION = xctest;
			};
			name = Debug;
		};
		F109128B1978CBBA00DE4D0F /* Release */ = {
			isa = XCBuildConfiguration;
			buildSettings = {
				BUNDLE_LOADER = "$(BUILT_PRODUCTS_DIR)/FlatButton.app/FlatButton";
				FRAMEWORK_SEARCH_PATHS = (
					"$(SDKROOT)/Developer/Library/Frameworks",
					"$(inherited)",
					"$(DEVELOPER_FRAMEWORKS_DIR)",
				);
				GCC_PRECOMPILE_PREFIX_HEADER = YES;
				GCC_PREFIX_HEADER = "FlatButton/FlatButton-Prefix.pch";
				INFOPLIST_FILE = "FlatButtonTests/FlatButtonTests-Info.plist";
				PRODUCT_NAME = "$(TARGET_NAME)";
				TEST_HOST = "$(BUNDLE_LOADER)";
				WRAPPER_EXTENSION = xctest;
			};
			name = Release;
		};
/* End XCBuildConfiguration section */

/* Begin XCConfigurationList section */
		F109124F1978CBB900DE4D0F /* Build configuration list for PBXProject "FlatButton" */ = {
			isa = XCConfigurationList;
			buildConfigurations = (
				F10912841978CBBA00DE4D0F /* Debug */,
				F10912851978CBBA00DE4D0F /* Release */,
			);
			defaultConfigurationIsVisible = 0;
			defaultConfigurationName = Release;
		};
		F10912861978CBBA00DE4D0F /* Build configuration list for PBXNativeTarget "FlatButton" */ = {
			isa = XCConfigurationList;
			buildConfigurations = (
				F10912871978CBBA00DE4D0F /* Debug */,
				F10912881978CBBA00DE4D0F /* Release */,
			);
			defaultConfigurationIsVisible = 0;
		};
		F10912891978CBBA00DE4D0F /* Build configuration list for PBXNativeTarget "FlatButtonTests" */ = {
			isa = XCConfigurationList;
			buildConfigurations = (
				F109128A1978CBBA00DE4D0F /* Debug */,
				F109128B1978CBBA00DE4D0F /* Release */,
			);
			defaultConfigurationIsVisible = 0;
		};
/* End XCConfigurationList section */
	};
	rootObject = F109124C1978CBB900DE4D0F /* Project object */;
}
