// !$*UTF8*$!
{
	archiveVersion = 1;
	classes = {
	};
	objectVersion = 46;
	objects = {

/* Begin PBXBuildFile section */
		F14885291CAC1FBA00DA5513 /* main.m in Sources */ = {isa = PBXBuildFile; fileRef = F14885281CAC1FBA00DA5513 /* main.m */; };
		F148852C1CAC1FBA00DA5513 /* AppDelegate.m in Sources */ = {isa = PBXBuildFile; fileRef = F148852B1CAC1FBA00DA5513 /* AppDelegate.m */; };
		F14885321CAC1FBA00DA5513 /* Main.storyboard in Resources */ = {isa = PBXBuildFile; fileRef = F14885301CAC1FBA00DA5513 /* Main.storyboard */; };
		F14885341CAC1FBA00DA5513 /* Assets.xcassets in Resources */ = {isa = PBXBuildFile; fileRef = F14885331CAC1FBA00DA5513 /* Assets.xcassets */; };
		F14885371CAC1FBA00DA5513 /* LaunchScreen.storyboard in Resources */ = {isa = PBXBuildFile; fileRef = F14885351CAC1FBA00DA5513 /* LaunchScreen.storyboard */; };
		F1489A6C1DE02185000AD269 /* MainMenuController.m in Sources */ = {isa = PBXBuildFile; fileRef = F1489A561DE02185000AD269 /* MainMenuController.m */; };
		F1489A6D1DE02185000AD269 /* NormalButtonController.m in Sources */ = {isa = PBXBuildFile; fileRef = F1489A581DE02185000AD269 /* NormalButtonController.m */; };
		F1489A721DE02185000AD269 /* VExtendTextButton.m in Sources */ = {isa = PBXBuildFile; fileRef = F1489A621DE02185000AD269 /* VExtendTextButton.m */; };
		F1489A731DE02185000AD269 /* VFlatButton.m in Sources */ = {isa = PBXBuildFile; fileRef = F1489A651DE02185000AD269 /* VFlatButton.m */; };
		F1489A741DE02185000AD269 /* VGradientColorButton.m in Sources */ = {isa = PBXBuildFile; fileRef = F1489A681DE02185000AD269 /* VGradientColorButton.m */; };
		F1489A781DE023A7000AD269 /* LineButtonController.m in Sources */ = {isa = PBXBuildFile; fileRef = F1489A771DE023A7000AD269 /* LineButtonController.m */; };
		F1489A7C1DE0248F000AD269 /* VBaseViewController.m in Sources */ = {isa = PBXBuildFile; fileRef = F1489A7B1DE0248F000AD269 /* VBaseViewController.m */; };
		F1489A7F1DE025E0000AD269 /* FlatButtonController.m in Sources */ = {isa = PBXBuildFile; fileRef = F1489A7E1DE025E0000AD269 /* FlatButtonController.m */; };
		F1489A831DE028C6000AD269 /* VEffectsButton.m in Sources */ = {isa = PBXBuildFile; fileRef = F1489A821DE028C6000AD269 /* VEffectsButton.m */; };
		F1489A861DE02900000AD269 /* EffectsButtonController.m in Sources */ = {isa = PBXBuildFile; fileRef = F1489A851DE02900000AD269 /* EffectsButtonController.m */; };
		F1489A8A1DE02DF1000AD269 /* VRippleButton.m in Sources */ = {isa = PBXBuildFile; fileRef = F1489A891DE02DF1000AD269 /* VRippleButton.m */; };
		F1489AAC1DE2C9FB000AD269 /* RadioButtonController.m in Sources */ = {isa = PBXBuildFile; fileRef = F1489AAB1DE2C9FB000AD269 /* RadioButtonController.m */; };
		F1489AB11DE2CA66000AD269 /* VLineButton.m in Sources */ = {isa = PBXBuildFile; fileRef = F1489AAF1DE2CA66000AD269 /* VLineButton.m */; };
		F1489AB41DE2CABE000AD269 /* VTextSwitch.m in Sources */ = {isa = PBXBuildFile; fileRef = F1489AB31DE2CABE000AD269 /* VTextSwitch.m */; };
		F1489AB91DE2D97C000AD269 /* VSwitch.m in Sources */ = {isa = PBXBuildFile; fileRef = F1489AB81DE2D97C000AD269 /* VSwitch.m */; };
		F1489ABC1DE2DEB3000AD269 /* VFlatSwitch.m in Sources */ = {isa = PBXBuildFile; fileRef = F1489ABB1DE2DEB3000AD269 /* VFlatSwitch.m */; };
		F1489AC61DE3033E000AD269 /* KLSwitch.m in Sources */ = {isa = PBXBuildFile; fileRef = F1489AC51DE3033E000AD269 /* KLSwitch.m */; };
		F191D1381DE412F000F6BDBC /* VNumberButton.m in Sources */ = {isa = PBXBuildFile; fileRef = F191D1371DE412F000F6BDBC /* VNumberButton.m */; };
		F191D13D1DE42DCB00F6BDBC /* btn_selected.png in Resources */ = {isa = PBXBuildFile; fileRef = F191D13A1DE42DCB00F6BDBC /* btn_selected.png */; };
		F191D13E1DE42DCB00F6BDBC /* VerifyCodeButton.m in Sources */ = {isa = PBXBuildFile; fileRef = F191D13C1DE42DCB00F6BDBC /* VerifyCodeButton.m */; };
		F191D1421DE433C100F6BDBC /* VActivityButton.m in Sources */ = {isa = PBXBuildFile; fileRef = F191D1411DE433C100F6BDBC /* VActivityButton.m */; };
		F191D1451DE4352000F6BDBC /* VCircleActivityView.m in Sources */ = {isa = PBXBuildFile; fileRef = F191D1441DE4352000F6BDBC /* VCircleActivityView.m */; };
		F191D1481DE4397000F6BDBC /* V1NavigationController.m in Sources */ = {isa = PBXBuildFile; fileRef = F191D1471DE4397000F6BDBC /* V1NavigationController.m */; };
		F191D14B1DE439A600F6BDBC /* V1NavAnimation.m in Sources */ = {isa = PBXBuildFile; fileRef = F191D14A1DE439A600F6BDBC /* V1NavAnimation.m */; };
/* End PBXBuildFile section */

/* Begin PBXFileReference section */
		F14885241CAC1FBA00DA5513 /* VariousButtons.app */ = {isa = PBXFileReference; explicitFileType = wrapper.application; includeInIndex = 0; path = VariousButtons.app; sourceTree = BUILT_PRODUCTS_DIR; };
		F14885281CAC1FBA00DA5513 /* main.m */ = {isa = PBXFileReference; lastKnownFileType = sourcecode.c.objc; path = main.m; sourceTree = "<group>"; };
		F148852A1CAC1FBA00DA5513 /* AppDelegate.h */ = {isa = PBXFileReference; lastKnownFileType = sourcecode.c.h; path = AppDelegate.h; sourceTree = "<group>"; };
		F148852B1CAC1FBA00DA5513 /* AppDelegate.m */ = {isa = PBXFileReference; lastKnownFileType = sourcecode.c.objc; path = AppDelegate.m; sourceTree = "<group>"; };
		F14885311CAC1FBA00DA5513 /* Base */ = {isa = PBXFileReference; lastKnownFileType = file.storyboard; name = Base; path = Base.lproj/Main.storyboard; sourceTree = "<group>"; };
		F14885331CAC1FBA00DA5513 /* Assets.xcassets */ = {isa = PBXFileReference; lastKnownFileType = folder.assetcatalog; path = Assets.xcassets; sourceTree = "<group>"; };
		F14885361CAC1FBA00DA5513 /* Base */ = {isa = PBXFileReference; lastKnownFileType = file.storyboard; name = Base; path = Base.lproj/LaunchScreen.storyboard; sourceTree = "<group>"; };
		F14885381CAC1FBA00DA5513 /* Info.plist */ = {isa = PBXFileReference; lastKnownFileType = text.plist.xml; path = Info.plist; sourceTree = "<group>"; };
		F1489A551DE02185000AD269 /* MainMenuController.h */ = {isa = PBXFileReference; fileEncoding = 4; lastKnownFileType = sourcecode.c.h; path = MainMenuController.h; sourceTree = "<group>"; };
		F1489A561DE02185000AD269 /* MainMenuController.m */ = {isa = PBXFileReference; fileEncoding = 4; lastKnownFileType = sourcecode.c.objc; path = MainMenuController.m; sourceTree = "<group>"; };
		F1489A571DE02185000AD269 /* NormalButtonController.h */ = {isa = PBXFileReference; fileEncoding = 4; lastKnownFileType = sourcecode.c.h; path = NormalButtonController.h; sourceTree = "<group>"; };
		F1489A581DE02185000AD269 /* NormalButtonController.m */ = {isa = PBXFileReference; fileEncoding = 4; lastKnownFileType = sourcecode.c.objc; path = NormalButtonController.m; sourceTree = "<group>"; };
		F1489A611DE02185000AD269 /* VExtendTextButton.h */ = {isa = PBXFileReference; fileEncoding = 4; lastKnownFileType = sourcecode.c.h; path = VExtendTextButton.h; sourceTree = "<group>"; };
		F1489A621DE02185000AD269 /* VExtendTextButton.m */ = {isa = PBXFileReference; fileEncoding = 4; lastKnownFileType = sourcecode.c.objc; path = VExtendTextButton.m; sourceTree = "<group>"; };
		F1489A641DE02185000AD269 /* VFlatButton.h */ = {isa = PBXFileReference; fileEncoding = 4; lastKnownFileType = sourcecode.c.h; path = VFlatButton.h; sourceTree = "<group>"; };
		F1489A651DE02185000AD269 /* VFlatButton.m */ = {isa = PBXFileReference; fileEncoding = 4; lastKnownFileType = sourcecode.c.objc; path = VFlatButton.m; sourceTree = "<group>"; };
		F1489A671DE02185000AD269 /* VGradientColorButton.h */ = {isa = PBXFileReference; fileEncoding = 4; lastKnownFileType = sourcecode.c.h; path = VGradientColorButton.h; sourceTree = "<group>"; };
		F1489A681DE02185000AD269 /* VGradientColorButton.m */ = {isa = PBXFileReference; fileEncoding = 4; lastKnownFileType = sourcecode.c.objc; path = VGradientColorButton.m; sourceTree = "<group>"; };
		F1489A761DE023A7000AD269 /* LineButtonController.h */ = {isa = PBXFileReference; fileEncoding = 4; lastKnownFileType = sourcecode.c.h; path = LineButtonController.h; sourceTree = "<group>"; };
		F1489A771DE023A7000AD269 /* LineButtonController.m */ = {isa = PBXFileReference; fileEncoding = 4; lastKnownFileType = sourcecode.c.objc; path = LineButtonController.m; sourceTree = "<group>"; };
		F1489A7A1DE0248F000AD269 /* VBaseViewController.h */ = {isa = PBXFileReference; fileEncoding = 4; lastKnownFileType = sourcecode.c.h; path = VBaseViewController.h; sourceTree = "<group>"; };
		F1489A7B1DE0248F000AD269 /* VBaseViewController.m */ = {isa = PBXFileReference; fileEncoding = 4; lastKnownFileType = sourcecode.c.objc; path = VBaseViewController.m; sourceTree = "<group>"; };
		F1489A7D1DE025E0000AD269 /* FlatButtonController.h */ = {isa = PBXFileReference; fileEncoding = 4; lastKnownFileType = sourcecode.c.h; path = FlatButtonController.h; sourceTree = "<group>"; };
		F1489A7E1DE025E0000AD269 /* FlatButtonController.m */ = {isa = PBXFileReference; fileEncoding = 4; lastKnownFileType = sourcecode.c.objc; path = FlatButtonController.m; sourceTree = "<group>"; };
		F1489A811DE028C6000AD269 /* VEffectsButton.h */ = {isa = PBXFileReference; fileEncoding = 4; lastKnownFileType = sourcecode.c.h; path = VEffectsButton.h; sourceTree = "<group>"; };
		F1489A821DE028C6000AD269 /* VEffectsButton.m */ = {isa = PBXFileReference; fileEncoding = 4; lastKnownFileType = sourcecode.c.objc; path = VEffectsButton.m; sourceTree = "<group>"; };
		F1489A841DE02900000AD269 /* EffectsButtonController.h */ = {isa = PBXFileReference; fileEncoding = 4; lastKnownFileType = sourcecode.c.h; path = EffectsButtonController.h; sourceTree = "<group>"; };
		F1489A851DE02900000AD269 /* EffectsButtonController.m */ = {isa = PBXFileReference; fileEncoding = 4; lastKnownFileType = sourcecode.c.objc; path = EffectsButtonController.m; sourceTree = "<group>"; };
		F1489A881DE02DF1000AD269 /* VRippleButton.h */ = {isa = PBXFileReference; fileEncoding = 4; lastKnownFileType = sourcecode.c.h; path = VRippleButton.h; sourceTree = "<group>"; };
		F1489A891DE02DF1000AD269 /* VRippleButton.m */ = {isa = PBXFileReference; fileEncoding = 4; lastKnownFileType = sourcecode.c.objc; path = VRippleButton.m; sourceTree = "<group>"; };
		F1489AAA1DE2C9FB000AD269 /* RadioButtonController.h */ = {isa = PBXFileReference; fileEncoding = 4; lastKnownFileType = sourcecode.c.h; path = RadioButtonController.h; sourceTree = "<group>"; };
		F1489AAB1DE2C9FB000AD269 /* RadioButtonController.m */ = {isa = PBXFileReference; fileEncoding = 4; lastKnownFileType = sourcecode.c.objc; path = RadioButtonController.m; sourceTree = "<group>"; };
		F1489AAE1DE2CA66000AD269 /* VLineButton.h */ = {isa = PBXFileReference; fileEncoding = 4; lastKnownFileType = sourcecode.c.h; path = VLineButton.h; sourceTree = "<group>"; };
		F1489AAF1DE2CA66000AD269 /* VLineButton.m */ = {isa = PBXFileReference; fileEncoding = 4; lastKnownFileType = sourcecode.c.objc; path = VLineButton.m; sourceTree = "<group>"; };
		F1489AB21DE2CABE000AD269 /* VTextSwitch.h */ = {isa = PBXFileReference; fileEncoding = 4; lastKnownFileType = sourcecode.c.h; path = VTextSwitch.h; sourceTree = "<group>"; };
		F1489AB31DE2CABE000AD269 /* VTextSwitch.m */ = {isa = PBXFileReference; fileEncoding = 4; lastKnownFileType = sourcecode.c.objc; path = VTextSwitch.m; sourceTree = "<group>"; };
		F1489AB51DE2CC46000AD269 /* Constant.h */ = {isa = PBXFileReference; fileEncoding = 4; lastKnownFileType = sourcecode.c.h; path = Constant.h; sourceTree = "<group>"; };
		F1489AB61DE2CC46000AD269 /* PrefixHeader.pch */ = {isa = PBXFileReference; fileEncoding = 4; lastKnownFileType = sourcecode.c.h; path = PrefixHeader.pch; sourceTree = "<group>"; };
		F1489AB71DE2D97C000AD269 /* VSwitch.h */ = {isa = PBXFileReference; fileEncoding = 4; lastKnownFileType = sourcecode.c.h; path = VSwitch.h; sourceTree = "<group>"; };
		F1489AB81DE2D97C000AD269 /* VSwitch.m */ = {isa = PBXFileReference; fileEncoding = 4; lastKnownFileType = sourcecode.c.objc; path = VSwitch.m; sourceTree = "<group>"; };
		F1489ABA1DE2DEB3000AD269 /* VFlatSwitch.h */ = {isa = PBXFileReference; fileEncoding = 4; lastKnownFileType = sourcecode.c.h; path = VFlatSwitch.h; sourceTree = "<group>"; };
		F1489ABB1DE2DEB3000AD269 /* VFlatSwitch.m */ = {isa = PBXFileReference; fileEncoding = 4; lastKnownFileType = sourcecode.c.objc; path = VFlatSwitch.m; sourceTree = "<group>"; };
		F1489AC41DE3033E000AD269 /* KLSwitch.h */ = {isa = PBXFileReference; fileEncoding = 4; lastKnownFileType = sourcecode.c.h; path = KLSwitch.h; sourceTree = "<group>"; };
		F1489AC51DE3033E000AD269 /* KLSwitch.m */ = {isa = PBXFileReference; fileEncoding = 4; lastKnownFileType = sourcecode.c.objc; path = KLSwitch.m; sourceTree = "<group>"; };
		F191D1361DE412F000F6BDBC /* VNumberButton.h */ = {isa = PBXFileReference; fileEncoding = 4; lastKnownFileType = sourcecode.c.h; path = VNumberButton.h; sourceTree = "<group>"; };
		F191D1371DE412F000F6BDBC /* VNumberButton.m */ = {isa = PBXFileReference; fileEncoding = 4; lastKnownFileType = sourcecode.c.objc; path = VNumberButton.m; sourceTree = "<group>"; };
		F191D13A1DE42DCB00F6BDBC /* btn_selected.png */ = {isa = PBXFileReference; lastKnownFileType = image.png; path = btn_selected.png; sourceTree = "<group>"; };
		F191D13B1DE42DCB00F6BDBC /* VerifyCodeButton.h */ = {isa = PBXFileReference; fileEncoding = 4; lastKnownFileType = sourcecode.c.h; path = VerifyCodeButton.h; sourceTree = "<group>"; };
		F191D13C1DE42DCB00F6BDBC /* VerifyCodeButton.m */ = {isa = PBXFileReference; fileEncoding = 4; lastKnownFileType = sourcecode.c.objc; path = VerifyCodeButton.m; sourceTree = "<group>"; };
		F191D1401DE433C100F6BDBC /* VActivityButton.h */ = {isa = PBXFileReference; fileEncoding = 4; lastKnownFileType = sourcecode.c.h; path = VActivityButton.h; sourceTree = "<group>"; };
		F191D1411DE433C100F6BDBC /* VActivityButton.m */ = {isa = PBXFileReference; fileEncoding = 4; lastKnownFileType = sourcecode.c.objc; path = VActivityButton.m; sourceTree = "<group>"; };
		F191D1431DE4352000F6BDBC /* VCircleActivityView.h */ = {isa = PBXFileReference; fileEncoding = 4; lastKnownFileType = sourcecode.c.h; path = VCircleActivityView.h; sourceTree = "<group>"; };
		F191D1441DE4352000F6BDBC /* VCircleActivityView.m */ = {isa = PBXFileReference; fileEncoding = 4; lastKnownFileType = sourcecode.c.objc; path = VCircleActivityView.m; sourceTree = "<group>"; };
		F191D1461DE4397000F6BDBC /* V1NavigationController.h */ = {isa = PBXFileReference; fileEncoding = 4; lastKnownFileType = sourcecode.c.h; path = V1NavigationController.h; sourceTree = "<group>"; };
		F191D1471DE4397000F6BDBC /* V1NavigationController.m */ = {isa = PBXFileReference; fileEncoding = 4; lastKnownFileType = sourcecode.c.objc; path = V1NavigationController.m; sourceTree = "<group>"; };
		F191D1491DE439A600F6BDBC /* V1NavAnimation.h */ = {isa = PBXFileReference; fileEncoding = 4; lastKnownFileType = sourcecode.c.h; path = V1NavAnimation.h; sourceTree = "<group>"; };
		F191D14A1DE439A600F6BDBC /* V1NavAnimation.m */ = {isa = PBXFileReference; fileEncoding = 4; lastKnownFileType = sourcecode.c.objc; path = V1NavAnimation.m; sourceTree = "<group>"; };
/* End PBXFileReference section */

/* Begin PBXFrameworksBuildPhase section */
		F14885211CAC1FBA00DA5513 /* Frameworks */ = {
			isa = PBXFrameworksBuildPhase;
			buildActionMask = 2147483647;
			files = (
			);
			runOnlyForDeploymentPostprocessing = 0;
		};
/* End PBXFrameworksBuildPhase section */

/* Begin PBXGroup section */
		F148851B1CAC1FBA00DA5513 = {
			isa = PBXGroup;
			children = (
				F14885261CAC1FBA00DA5513 /* VariousButtons */,
				F14885251CAC1FBA00DA5513 /* Products */,
			);
			sourceTree = "<group>";
		};
		F14885251CAC1FBA00DA5513 /* Products */ = {
			isa = PBXGroup;
			children = (
				F14885241CAC1FBA00DA5513 /* VariousButtons.app */,
			);
			name = Products;
			sourceTree = "<group>";
		};
		F14885261CAC1FBA00DA5513 /* VariousButtons */ = {
			isa = PBXGroup;
			children = (
				F148852A1CAC1FBA00DA5513 /* AppDelegate.h */,
				F148852B1CAC1FBA00DA5513 /* AppDelegate.m */,
				F1489A541DE02185000AD269 /* MainClass */,
				F1489A591DE02185000AD269 /* NormalButtons */,
				F1489A801DE02849000AD269 /* EffectButtons */,
				F1489A531DE02185000AD269 /* Common */,
				F1489A521DE02185000AD269 /* 3rds */,
				F14885331CAC1FBA00DA5513 /* Assets.xcassets */,
				F14885351CAC1FBA00DA5513 /* LaunchScreen.storyboard */,
				F14885381CAC1FBA00DA5513 /* Info.plist */,
				F14885271CAC1FBA00DA5513 /* Supporting Files */,
			);
			path = VariousButtons;
			sourceTree = "<group>";
		};
		F14885271CAC1FBA00DA5513 /* Supporting Files */ = {
			isa = PBXGroup;
			children = (
				F14885281CAC1FBA00DA5513 /* main.m */,
				F1489AB51DE2CC46000AD269 /* Constant.h */,
				F1489AB61DE2CC46000AD269 /* PrefixHeader.pch */,
			);
			name = "Supporting Files";
			sourceTree = "<group>";
		};
		F1489A521DE02185000AD269 /* 3rds */ = {
			isa = PBXGroup;
			children = (
			);
			path = 3rds;
			sourceTree = "<group>";
		};
		F1489A531DE02185000AD269 /* Common */ = {
			isa = PBXGroup;
			children = (
				F1489A791DE02476000AD269 /* BaseClass */,
			);
			path = Common;
			sourceTree = "<group>";
		};
		F1489A541DE02185000AD269 /* MainClass */ = {
			isa = PBXGroup;
			children = (
				F14885301CAC1FBA00DA5513 /* Main.storyboard */,
				F1489A551DE02185000AD269 /* MainMenuController.h */,
				F1489A561DE02185000AD269 /* MainMenuController.m */,
				F1489A571DE02185000AD269 /* NormalButtonController.h */,
				F1489A581DE02185000AD269 /* NormalButtonController.m */,
				F1489A761DE023A7000AD269 /* LineButtonController.h */,
				F1489A771DE023A7000AD269 /* LineButtonController.m */,
				F1489A7D1DE025E0000AD269 /* FlatButtonController.h */,
				F1489A7E1DE025E0000AD269 /* FlatButtonController.m */,
				F1489A841DE02900000AD269 /* EffectsButtonController.h */,
				F1489A851DE02900000AD269 /* EffectsButtonController.m */,
				F1489AAA1DE2C9FB000AD269 /* RadioButtonController.h */,
				F1489AAB1DE2C9FB000AD269 /* RadioButtonController.m */,
			);
			path = MainClass;
			sourceTree = "<group>";
		};
		F1489A591DE02185000AD269 /* NormalButtons */ = {
			isa = PBXGroup;
			children = (
				F191D1391DE42DCB00F6BDBC /* VerifyCodeButton */,
				F191D1351DE412BA00F6BDBC /* NumButton */,
				F1489AAD1DE2CA66000AD269 /* LineButton */,
				F1489AB01DE2CA66000AD269 /* RadioButton */,
				F1489A5A1DE02185000AD269 /* CustomButtons */,
				F1489A631DE02185000AD269 /* FlatButton */,
				F1489A661DE02185000AD269 /* GradientColorButton */,
			);
			path = NormalButtons;
			sourceTree = "<group>";
		};
		F1489A5A1DE02185000AD269 /* CustomButtons */ = {
			isa = PBXGroup;
			children = (
				F1489A611DE02185000AD269 /* VExtendTextButton.h */,
				F1489A621DE02185000AD269 /* VExtendTextButton.m */,
			);
			path = CustomButtons;
			sourceTree = "<group>";
		};
		F1489A631DE02185000AD269 /* FlatButton */ = {
			isa = PBXGroup;
			children = (
				F1489A641DE02185000AD269 /* VFlatButton.h */,
				F1489A651DE02185000AD269 /* VFlatButton.m */,
			);
			path = FlatButton;
			sourceTree = "<group>";
		};
		F1489A661DE02185000AD269 /* GradientColorButton */ = {
			isa = PBXGroup;
			children = (
				F1489A671DE02185000AD269 /* VGradientColorButton.h */,
				F1489A681DE02185000AD269 /* VGradientColorButton.m */,
			);
			path = GradientColorButton;
			sourceTree = "<group>";
		};
		F1489A791DE02476000AD269 /* BaseClass */ = {
			isa = PBXGroup;
			children = (
				F1489A7A1DE0248F000AD269 /* VBaseViewController.h */,
				F1489A7B1DE0248F000AD269 /* VBaseViewController.m */,
				F191D1461DE4397000F6BDBC /* V1NavigationController.h */,
				F191D1471DE4397000F6BDBC /* V1NavigationController.m */,
				F191D1491DE439A600F6BDBC /* V1NavAnimation.h */,
				F191D14A1DE439A600F6BDBC /* V1NavAnimation.m */,
			);
			path = BaseClass;
			sourceTree = "<group>";
		};
		F1489A801DE02849000AD269 /* EffectButtons */ = {
			isa = PBXGroup;
			children = (
				F191D13F1DE4338300F6BDBC /* ActivityButton */,
				F1489A811DE028C6000AD269 /* VEffectsButton.h */,
				F1489A821DE028C6000AD269 /* VEffectsButton.m */,
				F1489A871DE02DF1000AD269 /* RippleButton */,
			);
			path = EffectButtons;
			sourceTree = "<group>";
		};
		F1489A871DE02DF1000AD269 /* RippleButton */ = {
			isa = PBXGroup;
			children = (
				F1489A881DE02DF1000AD269 /* VRippleButton.h */,
				F1489A891DE02DF1000AD269 /* VRippleButton.m */,
			);
			path = RippleButton;
			sourceTree = "<group>";
		};
		F1489AAD1DE2CA66000AD269 /* LineButton */ = {
			isa = PBXGroup;
			children = (
				F1489AAE1DE2CA66000AD269 /* VLineButton.h */,
				F1489AAF1DE2CA66000AD269 /* VLineButton.m */,
			);
			path = LineButton;
			sourceTree = "<group>";
		};
		F1489AB01DE2CA66000AD269 /* RadioButton */ = {
			isa = PBXGroup;
			children = (
				F1489AB21DE2CABE000AD269 /* VTextSwitch.h */,
				F1489AB31DE2CABE000AD269 /* VTextSwitch.m */,
				F1489AB71DE2D97C000AD269 /* VSwitch.h */,
				F1489AB81DE2D97C000AD269 /* VSwitch.m */,
				F1489ABA1DE2DEB3000AD269 /* VFlatSwitch.h */,
				F1489ABB1DE2DEB3000AD269 /* VFlatSwitch.m */,
				F1489AC41DE3033E000AD269 /* KLSwitch.h */,
				F1489AC51DE3033E000AD269 /* KLSwitch.m */,
			);
			path = RadioButton;
			sourceTree = "<group>";
		};
		F191D1351DE412BA00F6BDBC /* NumButton */ = {
			isa = PBXGroup;
			children = (
				F191D1361DE412F000F6BDBC /* VNumberButton.h */,
				F191D1371DE412F000F6BDBC /* VNumberButton.m */,
			);
			path = NumButton;
			sourceTree = "<group>";
		};
		F191D1391DE42DCB00F6BDBC /* VerifyCodeButton */ = {
			isa = PBXGroup;
			children = (
				F191D13A1DE42DCB00F6BDBC /* btn_selected.png */,
				F191D13B1DE42DCB00F6BDBC /* VerifyCodeButton.h */,
				F191D13C1DE42DCB00F6BDBC /* VerifyCodeButton.m */,
			);
			path = VerifyCodeButton;
			sourceTree = "<group>";
		};
		F191D13F1DE4338300F6BDBC /* ActivityButton */ = {
			isa = PBXGroup;
			children = (
				F191D1401DE433C100F6BDBC /* VActivityButton.h */,
				F191D1411DE433C100F6BDBC /* VActivityButton.m */,
				F191D1431DE4352000F6BDBC /* VCircleActivityView.h */,
				F191D1441DE4352000F6BDBC /* VCircleActivityView.m */,
			);
			path = ActivityButton;
			sourceTree = "<group>";
		};
/* End PBXGroup section */

/* Begin PBXNativeTarget section */
		F14885231CAC1FBA00DA5513 /* VariousButtons */ = {
			isa = PBXNativeTarget;
			buildConfigurationList = F148853B1CAC1FBA00DA5513 /* Build configuration list for PBXNativeTarget "VariousButtons" */;
			buildPhases = (
				F14885201CAC1FBA00DA5513 /* Sources */,
				F14885211CAC1FBA00DA5513 /* Frameworks */,
				F14885221CAC1FBA00DA5513 /* Resources */,
			);
			buildRules = (
			);
			dependencies = (
			);
			name = VariousButtons;
			productName = VariousButtons;
			productReference = F14885241CAC1FBA00DA5513 /* VariousButtons.app */;
			productType = "com.apple.product-type.application";
		};
/* End PBXNativeTarget section */

/* Begin PBXProject section */
		F148851C1CAC1FBA00DA5513 /* Project object */ = {
			isa = PBXProject;
			attributes = {
				LastUpgradeCheck = 0810;
				ORGANIZATIONNAME = Vols;
				TargetAttributes = {
					F14885231CAC1FBA00DA5513 = {
						CreatedOnToolsVersion = 7.2.1;
					};
				};
			};
			buildConfigurationList = F148851F1CAC1FBA00DA5513 /* Build configuration list for PBXProject "VariousButtons" */;
			compatibilityVersion = "Xcode 3.2";
			developmentRegion = English;
			hasScannedForEncodings = 0;
			knownRegions = (
				en,
				Base,
			);
			mainGroup = F148851B1CAC1FBA00DA5513;
			productRefGroup = F14885251CAC1FBA00DA5513 /* Products */;
			projectDirPath = "";
			projectRoot = "";
			targets = (
				F14885231CAC1FBA00DA5513 /* VariousButtons */,
			);
		};
/* End PBXProject section */

/* Begin PBXResourcesBuildPhase section */
		F14885221CAC1FBA00DA5513 /* Resources */ = {
			isa = PBXResourcesBuildPhase;
			buildActionMask = 2147483647;
			files = (
				F14885371CAC1FBA00DA5513 /* LaunchScreen.storyboard in Resources */,
				F14885341CAC1FBA00DA5513 /* Assets.xcassets in Resources */,
				F14885321CAC1FBA00DA5513 /* Main.storyboard in Resources */,
				F191D13D1DE42DCB00F6BDBC /* btn_selected.png in Resources */,
			);
			runOnlyForDeploymentPostprocessing = 0;
		};
/* End PBXResourcesBuildPhase section */

/* Begin PBXSourcesBuildPhase section */
		F14885201CAC1FBA00DA5513 /* Sources */ = {
			isa = PBXSourcesBuildPhase;
			buildActionMask = 2147483647;
			files = (
				F1489A721DE02185000AD269 /* VExtendTextButton.m in Sources */,
				F191D1451DE4352000F6BDBC /* VCircleActivityView.m in Sources */,
				F191D1381DE412F000F6BDBC /* VNumberButton.m in Sources */,
				F1489A831DE028C6000AD269 /* VEffectsButton.m in Sources */,
				F1489AB11DE2CA66000AD269 /* VLineButton.m in Sources */,
				F1489AC61DE3033E000AD269 /* KLSwitch.m in Sources */,
				F1489A861DE02900000AD269 /* EffectsButtonController.m in Sources */,
				F1489A731DE02185000AD269 /* VFlatButton.m in Sources */,
				F1489A781DE023A7000AD269 /* LineButtonController.m in Sources */,
				F148852C1CAC1FBA00DA5513 /* AppDelegate.m in Sources */,
				F1489A6C1DE02185000AD269 /* MainMenuController.m in Sources */,
				F191D13E1DE42DCB00F6BDBC /* VerifyCodeButton.m in Sources */,
				F191D1421DE433C100F6BDBC /* VActivityButton.m in Sources */,
				F1489A741DE02185000AD269 /* VGradientColorButton.m in Sources */,
				F1489A8A1DE02DF1000AD269 /* VRippleButton.m in Sources */,
				F1489A7F1DE025E0000AD269 /* FlatButtonController.m in Sources */,
				F1489AAC1DE2C9FB000AD269 /* RadioButtonController.m in Sources */,
				F191D14B1DE439A600F6BDBC /* V1NavAnimation.m in Sources */,
				F1489AB41DE2CABE000AD269 /* VTextSwitch.m in Sources */,
				F1489A6D1DE02185000AD269 /* NormalButtonController.m in Sources */,
				F1489A7C1DE0248F000AD269 /* VBaseViewController.m in Sources */,
				F14885291CAC1FBA00DA5513 /* main.m in Sources */,
				F1489AB91DE2D97C000AD269 /* VSwitch.m in Sources */,
				F191D1481DE4397000F6BDBC /* V1NavigationController.m in Sources */,
				F1489ABC1DE2DEB3000AD269 /* VFlatSwitch.m in Sources */,
			);
			runOnlyForDeploymentPostprocessing = 0;
		};
/* End PBXSourcesBuildPhase section */

/* Begin PBXVariantGroup section */
		F14885301CAC1FBA00DA5513 /* Main.storyboard */ = {
			isa = PBXVariantGroup;
			children = (
				F14885311CAC1FBA00DA5513 /* Base */,
			);
			name = Main.storyboard;
			path = ..;
			sourceTree = "<group>";
		};
		F14885351CAC1FBA00DA5513 /* LaunchScreen.storyboard */ = {
			isa = PBXVariantGroup;
			children = (
				F14885361CAC1FBA00DA5513 /* Base */,
			);
			name = LaunchScreen.storyboard;
			sourceTree = "<group>";
		};
/* End PBXVariantGroup section */

/* Begin XCBuildConfiguration section */
		F14885391CAC1FBA00DA5513 /* Debug */ = {
			isa = XCBuildConfiguration;
			buildSettings = {
				ALWAYS_SEARCH_USER_PATHS = NO;
				CLANG_CXX_LANGUAGE_STANDARD = "gnu++0x";
				CLANG_CXX_LIBRARY = "libc++";
				CLANG_ENABLE_MODULES = YES;
				CLANG_ENABLE_OBJC_ARC = YES;
				CLANG_WARN_BOOL_CONVERSION = YES;
				CLANG_WARN_CONSTANT_CONVERSION = YES;
				CLANG_WARN_DIRECT_OBJC_ISA_USAGE = YES_ERROR;
				CLANG_WARN_EMPTY_BODY = YES;
				CLANG_WARN_ENUM_CONVERSION = YES;
				CLANG_WARN_INFINITE_RECURSION = YES;
				CLANG_WARN_INT_CONVERSION = YES;
				CLANG_WARN_OBJC_ROOT_CLASS = YES_ERROR;
				CLANG_WARN_SUSPICIOUS_MOVE = YES;
				CLANG_WARN_UNREACHABLE_CODE = YES;
				CLANG_WARN__DUPLICATE_METHOD_MATCH = YES;
				"CODE_SIGN_IDENTITY[sdk=iphoneos*]" = "iPhone Developer";
				COPY_PHASE_STRIP = NO;
				DEBUG_INFORMATION_FORMAT = dwarf;
				ENABLE_STRICT_OBJC_MSGSEND = YES;
				ENABLE_TESTABILITY = YES;
				GCC_C_LANGUAGE_STANDARD = gnu99;
				GCC_DYNAMIC_NO_PIC = NO;
				GCC_NO_COMMON_BLOCKS = YES;
				GCC_OPTIMIZATION_LEVEL = 0;
				GCC_PREPROCESSOR_DEFINITIONS = (
					"DEBUG=1",
					"$(inherited)",
				);
				GCC_WARN_64_TO_32_BIT_CONVERSION = YES;
				GCC_WARN_ABOUT_RETURN_TYPE = YES_ERROR;
				GCC_WARN_UNDECLARED_SELECTOR = YES;
				GCC_WARN_UNINITIALIZED_AUTOS = YES_AGGRESSIVE;
				GCC_WARN_UNUSED_FUNCTION = YES;
				GCC_WARN_UNUSED_VARIABLE = YES;
				IPHONEOS_DEPLOYMENT_TARGET = 9.2;
				MTL_ENABLE_DEBUG_INFO = YES;
				ONLY_ACTIVE_ARCH = YES;
				SDKROOT = iphoneos;
			};
			name = Debug;
		};
		F148853A1CAC1FBA00DA5513 /* Release */ = {
			isa = XCBuildConfiguration;
			buildSettings = {
				ALWAYS_SEARCH_USER_PATHS = NO;
				CLANG_CXX_LANGUAGE_STANDARD = "gnu++0x";
				CLANG_CXX_LIBRARY = "libc++";
				CLANG_ENABLE_MODULES = YES;
				CLANG_ENABLE_OBJC_ARC = YES;
				CLANG_WARN_BOOL_CONVERSION = YES;
				CLANG_WARN_CONSTANT_CONVERSION = YES;
				CLANG_WARN_DIRECT_OBJC_ISA_USAGE = YES_ERROR;
				CLANG_WARN_EMPTY_BODY = YES;
				CLANG_WARN_ENUM_CONVERSION = YES;
				CLANG_WARN_INFINITE_RECURSION = YES;
				CLANG_WARN_INT_CONVERSION = YES;
				CLANG_WARN_OBJC_ROOT_CLASS = YES_ERROR;
				CLANG_WARN_SUSPICIOUS_MOVE = YES;
				CLANG_WARN_UNREACHABLE_CODE = YES;
				CLANG_WARN__DUPLICATE_METHOD_MATCH = YES;
				"CODE_SIGN_IDENTITY[sdk=iphoneos*]" = "iPhone Developer";
				COPY_PHASE_STRIP = NO;
				DEBUG_INFORMATION_FORMAT = "dwarf-with-dsym";
				ENABLE_NS_ASSERTIONS = NO;
				ENABLE_STRICT_OBJC_MSGSEND = YES;
				GCC_C_LANGUAGE_STANDARD = gnu99;
				GCC_NO_COMMON_BLOCKS = YES;
				GCC_WARN_64_TO_32_BIT_CONVERSION = YES;
				GCC_WARN_ABOUT_RETURN_TYPE = YES_ERROR;
				GCC_WARN_UNDECLARED_SELECTOR = YES;
				GCC_WARN_UNINITIALIZED_AUTOS = YES_AGGRESSIVE;
				GCC_WARN_UNUSED_FUNCTION = YES;
				GCC_WARN_UNUSED_VARIABLE = YES;
				IPHONEOS_DEPLOYMENT_TARGET = 9.2;
				MTL_ENABLE_DEBUG_INFO = NO;
				SDKROOT = iphoneos;
				VALIDATE_PRODUCT = YES;
			};
			name = Release;
		};
		F148853C1CAC1FBA00DA5513 /* Debug */ = {
			isa = XCBuildConfiguration;
			buildSettings = {
				ASSETCATALOG_COMPILER_APPICON_NAME = AppIcon;
				GCC_PREFIX_HEADER = VariousButtons/PrefixHeader.pch;
				INFOPLIST_FILE = VariousButtons/Info.plist;
				LD_RUNPATH_SEARCH_PATHS = "$(inherited) @executable_path/Frameworks";
				PRODUCT_BUNDLE_IDENTIFIER = com.VariousButtons;
				PRODUCT_NAME = "$(TARGET_NAME)";
			};
			name = Debug;
		};
		F148853D1CAC1FBA00DA5513 /* Release */ = {
			isa = XCBuildConfiguration;
			buildSettings = {
				ASSETCATALOG_COMPILER_APPICON_NAME = AppIcon;
				GCC_PREFIX_HEADER = VariousButtons/PrefixHeader.pch;
				INFOPLIST_FILE = VariousButtons/Info.plist;
				LD_RUNPATH_SEARCH_PATHS = "$(inherited) @executable_path/Frameworks";
				PRODUCT_BUNDLE_IDENTIFIER = com.VariousButtons;
				PRODUCT_NAME = "$(TARGET_NAME)";
			};
			name = Release;
		};
/* End XCBuildConfiguration section */

/* Begin XCConfigurationList section */
		F148851F1CAC1FBA00DA5513 /* Build configuration list for PBXProject "VariousButtons" */ = {
			isa = XCConfigurationList;
			buildConfigurations = (
				F14885391CAC1FBA00DA5513 /* Debug */,
				F148853A1CAC1FBA00DA5513 /* Release */,
			);
			defaultConfigurationIsVisible = 0;
			defaultConfigurationName = Release;
		};
		F148853B1CAC1FBA00DA5513 /* Build configuration list for PBXNativeTarget "VariousButtons" */ = {
			isa = XCConfigurationList;
			buildConfigurations = (
				F148853C1CAC1FBA00DA5513 /* Debug */,
				F148853D1CAC1FBA00DA5513 /* Release */,
			);
			defaultConfigurationIsVisible = 0;
			defaultConfigurationName = Release;
		};
/* End XCConfigurationList section */
	};
	rootObject = F148851C1CAC1FBA00DA5513 /* Project object */;
}
